// !$*UTF8*$!
{
	archiveVersion = 1;
	classes = {
	};
	objectVersion = 46;
	objects = {

/* Begin PBXBuildFile section */
		014D6BABAC834EF3801D3354 /* libstdc++.dylib in Frameworks */ = {isa = PBXBuildFile; fileRef = 2CAB179E5C364812BADFB9E7 /* libstdc++.dylib */; };
		0286E5362D33435D9958118C /* DatePicker.m in Sources */ = {isa = PBXBuildFile; fileRef = 88B77228EBC34765955B3868 /* DatePicker.m */; };
		054FE3C0FCB144AB886F8472 /* PCObserver.swift in Sources */ = {isa = PBXBuildFile; fileRef = DE63C2B10749403CBFD64A1F /* PCObserver.swift */; };
		096A485CE2024F22BF4EB90D /* Toast.m in Sources */ = {isa = PBXBuildFile; fileRef = C16ADA30523341C1A79DE220 /* Toast.m */; };
		11D061A6CDEB426498D77FFD /* Toast+UIView.m in Sources */ = {isa = PBXBuildFile; fileRef = 94D152B46F9C45E2A6AA213C /* Toast+UIView.m */; };
		12868B60E6124101A94743F3 /* QuartzCore.framework in Frameworks */ = {isa = PBXBuildFile; fileRef = B52D8F61F339427FAD0EF48F /* QuartzCore.framework */; };
		196D8299B6DC411D86E58757 /* CDVNotification.m in Sources */ = {isa = PBXBuildFile; fileRef = 5A8FFE124A56437094DF5A67 /* CDVNotification.m */; };
		1A06C8AC1BCB174000480733 /* marimbal.wav in Resources */ = {isa = PBXBuildFile; fileRef = 1A06C8A91BCB174000480733 /* marimbal.wav */; settings = {ASSET_TAGS = (); }; };
		1A06C8AD1BCB174000480733 /* none.wav in Resources */ = {isa = PBXBuildFile; fileRef = 1A06C8AA1BCB174000480733 /* none.wav */; settings = {ASSET_TAGS = (); }; };
		1A06C8AF1BCB193800480733 /* marimba.wav in Resources */ = {isa = PBXBuildFile; fileRef = 1A06C8AE1BCB193800480733 /* marimba.wav */; settings = {ASSET_TAGS = (); }; };
		1A1870841BC310C300448A81 /* StoreKit.framework in Frameworks */ = {isa = PBXBuildFile; fileRef = 1A1870831BC310C300448A81 /* StoreKit.framework */; };
		1D3623260D0F684500981E51 /* AppDelegate.m in Sources */ = {isa = PBXBuildFile; fileRef = 1D3623250D0F684500981E51 /* AppDelegate.m */; };
		1D60589B0D05DD56006BFB54 /* main.m in Sources */ = {isa = PBXBuildFile; fileRef = 29B97316FDCFA39411CA2CEA /* main.m */; };
		1DD6CC791BBC305A00FF27A8 /* RTCAudioSource.h in Sources */ = {isa = PBXBuildFile; fileRef = C1AB968473F14187B75DBB83 /* RTCAudioSource.h */; };
		1DD6CC7A1BBC305A00FF27A8 /* RTCAudioTrack.h in Sources */ = {isa = PBXBuildFile; fileRef = DEE8C1049D4F4FB0BA971C2D /* RTCAudioTrack.h */; };
		1DD6CC7B1BBC305A00FF27A8 /* RTCDataChannel.h in Sources */ = {isa = PBXBuildFile; fileRef = E0F173485B2A4D6BA3233380 /* RTCDataChannel.h */; };
		1DD6CC7C1BBC305A00FF27A8 /* RTCEAGLVideoView.h in Sources */ = {isa = PBXBuildFile; fileRef = 46092F22D02C4034A41BCB58 /* RTCEAGLVideoView.h */; };
		1DD6CC7D1BBC305A00FF27A8 /* RTCI420Frame.h in Sources */ = {isa = PBXBuildFile; fileRef = C1A3371554E84BC9A29A0908 /* RTCI420Frame.h */; };
		1DD6CC7E1BBC305A00FF27A8 /* RTCICECandidate.h in Sources */ = {isa = PBXBuildFile; fileRef = 5A1DA957A2454ABDA405CA56 /* RTCICECandidate.h */; };
		1DD6CC7F1BBC305A00FF27A8 /* RTCICEServer.h in Sources */ = {isa = PBXBuildFile; fileRef = 4F9A62A3F705482BBFE0ED60 /* RTCICEServer.h */; };
		1DD6CC801BBC305A00FF27A8 /* RTCMediaConstraints.h in Sources */ = {isa = PBXBuildFile; fileRef = 0F7C33B4659E4557BDF362AD /* RTCMediaConstraints.h */; };
		1DD6CC811BBC305B00FF27A8 /* RTCMediaSource.h in Sources */ = {isa = PBXBuildFile; fileRef = D9705078C3404F54BC4E5C4C /* RTCMediaSource.h */; };
		1DD6CC821BBC305B00FF27A8 /* RTCMediaStream.h in Sources */ = {isa = PBXBuildFile; fileRef = 64D879270FAE4EB99F003474 /* RTCMediaStream.h */; };
		1DD6CC831BBC305B00FF27A8 /* RTCMediaStreamTrack.h in Sources */ = {isa = PBXBuildFile; fileRef = 8289922C035D400DA6D7EBC1 /* RTCMediaStreamTrack.h */; };
		1DD6CC841BBC305B00FF27A8 /* RTCNSGLVideoView.h in Sources */ = {isa = PBXBuildFile; fileRef = D664A97C690446FB94DF12D1 /* RTCNSGLVideoView.h */; };
		1DD6CC851BBC305B00FF27A8 /* RTCOpenGLVideoRenderer.h in Sources */ = {isa = PBXBuildFile; fileRef = 44C17E95FE4E415288A27C3D /* RTCOpenGLVideoRenderer.h */; };
		1DD6CC861BBC305B00FF27A8 /* RTCPair.h in Sources */ = {isa = PBXBuildFile; fileRef = D9725B5BBF524162B1A9D469 /* RTCPair.h */; };
		1DD6CC871BBC305B00FF27A8 /* RTCPeerConnection.h in Sources */ = {isa = PBXBuildFile; fileRef = 247A0B2ECA8A46E3927B0EF1 /* RTCPeerConnection.h */; };
		1DD6CC881BBC305B00FF27A8 /* RTCPeerConnectionDelegate.h in Sources */ = {isa = PBXBuildFile; fileRef = 7538884361664E1AA9225252 /* RTCPeerConnectionDelegate.h */; };
		1DD6CC891BBC305B00FF27A8 /* RTCPeerConnectionFactory.h in Sources */ = {isa = PBXBuildFile; fileRef = A35C158BB0DD4A8086DBA182 /* RTCPeerConnectionFactory.h */; };
		1DD6CC8A1BBC305B00FF27A8 /* RTCSessionDescription.h in Sources */ = {isa = PBXBuildFile; fileRef = 5DF0DEA25487488CB1C83B47 /* RTCSessionDescription.h */; };
		1DD6CC8B1BBC305B00FF27A8 /* RTCSessionDescriptionDelegate.h in Sources */ = {isa = PBXBuildFile; fileRef = FFD02F60084E4055A0EE85FE /* RTCSessionDescriptionDelegate.h */; };
		1DD6CC8C1BBC305B00FF27A8 /* RTCStatsDelegate.h in Sources */ = {isa = PBXBuildFile; fileRef = 353BDFB7CF5549CFAF88FEDB /* RTCStatsDelegate.h */; };
		1DD6CC8D1BBC305B00FF27A8 /* RTCStatsReport.h in Sources */ = {isa = PBXBuildFile; fileRef = 2EAE7AFE8F8D413B962DBBA0 /* RTCStatsReport.h */; };
		1DD6CC8E1BBC305B00FF27A8 /* RTCTypes.h in Sources */ = {isa = PBXBuildFile; fileRef = B7295CA536DF457392B3C6C6 /* RTCTypes.h */; };
		1DD6CC8F1BBC305B00FF27A8 /* RTCVideoCapturer.h in Sources */ = {isa = PBXBuildFile; fileRef = D9517425C808495B949C37DA /* RTCVideoCapturer.h */; };
		1DD6CC901BBC305B00FF27A8 /* RTCVideoRenderer.h in Sources */ = {isa = PBXBuildFile; fileRef = 989756F0C80A4C42943E0AA8 /* RTCVideoRenderer.h */; };
		1DD6CC911BBC305B00FF27A8 /* RTCVideoSource.h in Sources */ = {isa = PBXBuildFile; fileRef = B6C9E2F767E04B7E8A78657D /* RTCVideoSource.h */; };
		1DD6CC921BBC305B00FF27A8 /* RTCVideoTrack.h in Sources */ = {isa = PBXBuildFile; fileRef = 98D77896FA994BC892671CD1 /* RTCVideoTrack.h */; };
		1DD6CC931BBC305B00FF27A8 /* Bridging-Header.h in Sources */ = {isa = PBXBuildFile; fileRef = A8731526069A441680F2A278 /* Bridging-Header.h */; };
		1DF27BDF1BB99DE80015C2AD /* UIKit.framework in Frameworks */ = {isa = PBXBuildFile; fileRef = 1DF27BDE1BB99DE80015C2AD /* UIKit.framework */; };
		22E908D11B50408FBBE3D236 /* DatePicker.xib in Resources */ = {isa = PBXBuildFile; fileRef = 2E9CAB44E3DC41828DA15C95 /* DatePicker.xib */; };
		288765FD0DF74451002DB57D /* CoreGraphics.framework in Frameworks */ = {isa = PBXBuildFile; fileRef = 288765FC0DF74451002DB57D /* CoreGraphics.framework */; };
		2F8786F85F4B4B069A7CE5F0 /* DatePicker.xib in Resources */ = {isa = PBXBuildFile; fileRef = 7DD7C3F1A61C4EA8948D31B3 /* DatePicker.xib */; };
		301BF552109A68D80062928A /* libCordova.a in Frameworks */ = {isa = PBXBuildFile; fileRef = 301BF535109A57CC0062928A /* libCordova.a */; };
		302D95F114D2391D003F00A1 /* MainViewController.m in Sources */ = {isa = PBXBuildFile; fileRef = 302D95EF14D2391D003F00A1 /* MainViewController.m */; };
		302D95F214D2391D003F00A1 /* MainViewController.xib in Resources */ = {isa = PBXBuildFile; fileRef = 302D95F014D2391D003F00A1 /* MainViewController.xib */; };
		305D5FD1115AB8F900A74A75 /* MobileCoreServices.framework in Frameworks */ = {isa = PBXBuildFile; fileRef = 305D5FD0115AB8F900A74A75 /* MobileCoreServices.framework */; };
		3088BBBD154F3926009F9C59 /* Default-Landscape@2x~ipad.png in Resources */ = {isa = PBXBuildFile; fileRef = 3088BBB7154F3926009F9C59 /* Default-Landscape@2x~ipad.png */; };
		3088BBBE154F3926009F9C59 /* Default-Landscape~ipad.png in Resources */ = {isa = PBXBuildFile; fileRef = 3088BBB8154F3926009F9C59 /* Default-Landscape~ipad.png */; };
		3088BBBF154F3926009F9C59 /* Default-Portrait@2x~ipad.png in Resources */ = {isa = PBXBuildFile; fileRef = 3088BBB9154F3926009F9C59 /* Default-Portrait@2x~ipad.png */; };
		3088BBC0154F3926009F9C59 /* Default-Portrait~ipad.png in Resources */ = {isa = PBXBuildFile; fileRef = 3088BBBA154F3926009F9C59 /* Default-Portrait~ipad.png */; };
		3088BBC1154F3926009F9C59 /* Default@2x~iphone.png in Resources */ = {isa = PBXBuildFile; fileRef = 3088BBBB154F3926009F9C59 /* Default@2x~iphone.png */; };
		3088BBC2154F3926009F9C59 /* Default~iphone.png in Resources */ = {isa = PBXBuildFile; fileRef = 3088BBBC154F3926009F9C59 /* Default~iphone.png */; };
		308D05371370CCF300D202BF /* icon-72.png in Resources */ = {isa = PBXBuildFile; fileRef = 308D052E1370CCF300D202BF /* icon-72.png */; };
		308D05381370CCF300D202BF /* icon.png in Resources */ = {isa = PBXBuildFile; fileRef = 308D052F1370CCF300D202BF /* icon.png */; };
		308D05391370CCF300D202BF /* icon@2x.png in Resources */ = {isa = PBXBuildFile; fileRef = 308D05301370CCF300D202BF /* icon@2x.png */; };
		30B4F30019D5E07200D9F7D8 /* Default-667h.png in Resources */ = {isa = PBXBuildFile; fileRef = 30B4F2FD19D5E07200D9F7D8 /* Default-667h.png */; };
		30B4F30119D5E07200D9F7D8 /* Default-736h.png in Resources */ = {isa = PBXBuildFile; fileRef = 30B4F2FE19D5E07200D9F7D8 /* Default-736h.png */; };
		30B4F30219D5E07200D9F7D8 /* Default-Landscape-736h.png in Resources */ = {isa = PBXBuildFile; fileRef = 30B4F2FF19D5E07200D9F7D8 /* Default-Landscape-736h.png */; };
		30C1856619D5FC0A00212699 /* icon-60@3x.png in Resources */ = {isa = PBXBuildFile; fileRef = 30C1856519D5FC0A00212699 /* icon-60@3x.png */; };
		30FC414916E50CA1004E6F35 /* icon-72@2x.png in Resources */ = {isa = PBXBuildFile; fileRef = 30FC414816E50CA1004E6F35 /* icon-72@2x.png */; };
		474B2123F9C44BEDAAAA0D2A /* AppVersion.m in Sources */ = {isa = PBXBuildFile; fileRef = DC39C83C8B7B41ECA9B01E5D /* AppVersion.m */; };
		4E054E7E08EF4F3A923EC4D0 /* SessionDescriptionDelegate.swift in Sources */ = {isa = PBXBuildFile; fileRef = 57F342A14AED44DDBF47BE86 /* SessionDescriptionDelegate.swift */; };
		5449E849354B48FD864FCE02 /* CDVVibration.m in Sources */ = {isa = PBXBuildFile; fileRef = 256CF8D9324F4E11A6E2AAEE /* CDVVibration.m */; };
		56EDFA841148474692C100DB /* Session.swift in Sources */ = {isa = PBXBuildFile; fileRef = 66B35A836FC14B42A1EC558C /* Session.swift */; };
		5B1594DD16A7569C00FEF299 /* AssetsLibrary.framework in Frameworks */ = {isa = PBXBuildFile; fileRef = 5B1594DC16A7569C00FEF299 /* AssetsLibrary.framework */; };
		607634F450394830B94E9229 /* sqlite3.c in Sources */ = {isa = PBXBuildFile; fileRef = 1209C363ECBC415FA8E29148 /* sqlite3.c */; };
		609E25EB9B3E4C9397D4E933 /* CDVLogger.m in Sources */ = {isa = PBXBuildFile; fileRef = 6F53E5DCFC0C41E99200B3AF /* CDVLogger.m */; };
		649D987299F34E999B0728BC /* CoreAudio.framework in Frameworks */ = {isa = PBXBuildFile; fileRef = D2DE0343C8CC4C6492EBE441 /* CoreAudio.framework */; };
		6A3307690EFA4CABAC444DCA /* libsqlite3.0.dylib in Frameworks */ = {isa = PBXBuildFile; fileRef = B39558D510B045BA94F4C780 /* libsqlite3.0.dylib */; };
		6A7A5317109F4C8CBE8541F4 /* CDVConnection.m in Sources */ = {isa = PBXBuildFile; fileRef = 3B6D887C4829441A95A3D291 /* CDVConnection.m */; };
		6E5F8F05510342B49BAA7A79 /* CDVLocation.m in Sources */ = {isa = PBXBuildFile; fileRef = 0C6E6BC57A044D6FB403290B /* CDVLocation.m */; };
		725E064E692445AAA530E4A0 /* SKProduct+LocalizedPrice.m in Sources */ = {isa = PBXBuildFile; fileRef = B4AF9D08A51D4658A349BEF8 /* SKProduct+LocalizedPrice.m */; };
		72BA56CE36E7475E95CEBCED /* AudioTogglePlugin.m in Sources */ = {isa = PBXBuildFile; fileRef = 41FF0EBEB6AE4CD0837FBA3E /* AudioTogglePlugin.m */; };
		762628D44313448886BD2DF7 /* CDVNotification.bundle in Resources */ = {isa = PBXBuildFile; fileRef = F616A4085C764AD1B3A61702 /* CDVNotification.bundle */; };
		7866D4021B1CD57300F222CC /* IonicKeyboard.m in Sources */ = {isa = PBXBuildFile; fileRef = 519D64C89D1F4F6C88E250D7 /* IonicKeyboard.m */; };
		7866D4051B1CDBA800F222CC /* UIWebViewExtension.m in Sources */ = {isa = PBXBuildFile; fileRef = E3293E6EA96F4281A5F02684 /* UIWebViewExtension.m */; };
		7866D4091B1DF38400F222CC /* PushPlugin.m in Sources */ = {isa = PBXBuildFile; fileRef = 55EA78129E15485EBE4A5451 /* PushPlugin.m */; };
		78BCE34A1B67FDEC007B3EA9 /* PushKit.framework in Frameworks */ = {isa = PBXBuildFile; fileRef = 78BCE3491B67FDEC007B3EA9 /* PushKit.framework */; };
		78FA96051B8414840071BE9A /* FileUtility.m in Sources */ = {isa = PBXBuildFile; fileRef = 78FA96001B8414840071BE9A /* FileUtility.m */; };
		7E7966DE1810823500FA85AD /* icon-40.png in Resources */ = {isa = PBXBuildFile; fileRef = 7E7966D41810823500FA85AD /* icon-40.png */; };
		7E7966DF1810823500FA85AD /* icon-40@2x.png in Resources */ = {isa = PBXBuildFile; fileRef = 7E7966D51810823500FA85AD /* icon-40@2x.png */; };
		7E7966E01810823500FA85AD /* icon-50.png in Resources */ = {isa = PBXBuildFile; fileRef = 7E7966D61810823500FA85AD /* icon-50.png */; };
		7E7966E11810823500FA85AD /* icon-50@2x.png in Resources */ = {isa = PBXBuildFile; fileRef = 7E7966D71810823500FA85AD /* icon-50@2x.png */; };
		7E7966E21810823500FA85AD /* icon-60.png in Resources */ = {isa = PBXBuildFile; fileRef = 7E7966D81810823500FA85AD /* icon-60.png */; };
		7E7966E31810823500FA85AD /* icon-60@2x.png in Resources */ = {isa = PBXBuildFile; fileRef = 7E7966D91810823500FA85AD /* icon-60@2x.png */; };
		7E7966E41810823500FA85AD /* icon-76.png in Resources */ = {isa = PBXBuildFile; fileRef = 7E7966DA1810823500FA85AD /* icon-76.png */; };
		7E7966E51810823500FA85AD /* icon-76@2x.png in Resources */ = {isa = PBXBuildFile; fileRef = 7E7966DB1810823500FA85AD /* icon-76@2x.png */; };
		7E7966E61810823500FA85AD /* icon-small.png in Resources */ = {isa = PBXBuildFile; fileRef = 7E7966DC1810823500FA85AD /* icon-small.png */; };
		7E7966E71810823500FA85AD /* icon-small@2x.png in Resources */ = {isa = PBXBuildFile; fileRef = 7E7966DD1810823500FA85AD /* icon-small@2x.png */; };
		7F53B80FFC664FACBC93AE6B /* GLKit.framework in Frameworks */ = {isa = PBXBuildFile; fileRef = E246A026C79842E6906B38F8 /* GLKit.framework */; };
		8A72F13F3E1149C0AC6EEA46 /* InAppPurchase.m in Sources */ = {isa = PBXBuildFile; fileRef = 7867559EEBAE4A1596A6D32F /* InAppPurchase.m */; };
		8D9591612C4040EC8BC74DAD /* CoreLocation.framework in Frameworks */ = {isa = PBXBuildFile; fileRef = A6C9EC9993C742F4BFEBC5E3 /* CoreLocation.framework */; settings = {ATTRIBUTES = (Required, ); }; };
		8EB78FCE5629460B84952235 /* CDVSplashScreen.m in Sources */ = {isa = PBXBuildFile; fileRef = 80666CF8C66F4D839EDC2A4E /* CDVSplashScreen.m */; };
		9256DE5FD5544BD291BD0BE9 /* PhoneRTCPlugin.swift in Sources */ = {isa = PBXBuildFile; fileRef = 2FC6BE0456444C7F921C52CB /* PhoneRTCPlugin.swift */; };
		9452F802B32F4EBA8CB5AE2B /* AudioToolbox.framework in Frameworks */ = {isa = PBXBuildFile; fileRef = 4F047DD1ED804CE3AC6E8677 /* AudioToolbox.framework */; settings = {ATTRIBUTES = (Weak, ); }; };
		A2A5556C906A43BF87D78BAD /* CDVReachability.m in Sources */ = {isa = PBXBuildFile; fileRef = E8DE80CAD6784A5CBE2E56D0 /* CDVReachability.m */; };
		A30F14D00E084904B311E352 /* SystemConfiguration.framework in Frameworks */ = {isa = PBXBuildFile; fileRef = 847765C470B84A5FA741D486 /* SystemConfiguration.framework */; settings = {ATTRIBUTES = (Weak, ); }; };
		A451DAD57CCB40A39969B964 /* CDVBackgroundGeoLocation.m in Sources */ = {isa = PBXBuildFile; fileRef = 599DAA7A2A1D4DB8A87D3926 /* CDVBackgroundGeoLocation.m */; };
		AE8C24512D5B4B309B60037C /* Config.swift in Sources */ = {isa = PBXBuildFile; fileRef = FF9D01779E3944C9AA538A61 /* Config.swift */; };
		B353B8091D654C0C9B8FC9C2 /* CDVDevice.m in Sources */ = {isa = PBXBuildFile; fileRef = C6525AFCF6294FF0BFA4115E /* CDVDevice.m */; };
		B964D9B22BE74509B239D49C /* CoreMedia.framework in Frameworks */ = {isa = PBXBuildFile; fileRef = 07410EB70733440380F40508 /* CoreMedia.framework */; };
		BAB3C9A3FEDD412F8011CC5B /* SQLitePlugin.m in Sources */ = {isa = PBXBuildFile; fileRef = 650CDBE070484791BFE842BA /* SQLitePlugin.m */; };
		C90393EE452648DAA2FA17E7 /* CDVInAppBrowser.m in Sources */ = {isa = PBXBuildFile; fileRef = 939481291AB44F9D9AD92F36 /* CDVInAppBrowser.m */; };
		C99627C6DD9D405D9DB5EB98 /* libc++.dylib in Frameworks */ = {isa = PBXBuildFile; fileRef = D999B9AB7F3740C48E79E06B /* libc++.dylib */; };
		D0095E6E6CBE45CDAAAC2A70 /* CDVGlobalization.m in Sources */ = {isa = PBXBuildFile; fileRef = FE1BDBC5B6A1410A9C5D7B72 /* CDVGlobalization.m */; };
		D1B0827DA6B348598AAA5D2A /* AVFoundation.framework in Frameworks */ = {isa = PBXBuildFile; fileRef = 208AF14642E8479694FDC2BC /* AVFoundation.framework */; settings = {ATTRIBUTES = (Weak, ); }; };
		D30A55DD4EB443C08523D0B3 /* CDVStatusBar.m in Sources */ = {isa = PBXBuildFile; fileRef = 9BF9161AEF1141D3BA3E1D7C /* CDVStatusBar.m */; };
		D4A0D8761607E02300AEF8BB /* Default-568h@2x~iphone.png in Resources */ = {isa = PBXBuildFile; fileRef = D4A0D8751607E02300AEF8BB /* Default-568h@2x~iphone.png */; };
		E2C1CF42EE19424599E47997 /* CDVProximity.m in Sources */ = {isa = PBXBuildFile; fileRef = 354AEAF2AF65424D9756D0CA /* CDVProximity.m */; };
		EA96CBB82B9E462F9739AB7F /* AppDelegate+notification.m in Sources */ = {isa = PBXBuildFile; fileRef = D3B0EFB4A09B44A983428C95 /* AppDelegate+notification.m */; };
		F48E7C398C8D432D987EB0D5 /* CoreVideo.framework in Frameworks */ = {isa = PBXBuildFile; fileRef = 1E32617FCD7341FEBEE1F83E /* CoreVideo.framework */; };
		FA611693E82B4439B2CDD847 /* libPhoneRTC.a in Frameworks */ = {isa = PBXBuildFile; fileRef = C0EF23E49F9C422B9060661C /* libPhoneRTC.a */; };
		FAFA1E8302C649EBAA6FB837 /* OpenGLES.framework in Frameworks */ = {isa = PBXBuildFile; fileRef = 5078FE3345374E17BD9D33D3 /* OpenGLES.framework */; };
/* End PBXBuildFile section */

/* Begin PBXContainerItemProxy section */
		301BF534109A57CC0062928A /* PBXContainerItemProxy */ = {
			isa = PBXContainerItemProxy;
			containerPortal = 301BF52D109A57CC0062928A /* CordovaLib.xcodeproj */;
			proxyType = 2;
			remoteGlobalIDString = D2AAC07E0554694100DB518D;
			remoteInfo = CordovaLib;
		};
		301BF550109A68C00062928A /* PBXContainerItemProxy */ = {
			isa = PBXContainerItemProxy;
			containerPortal = 301BF52D109A57CC0062928A /* CordovaLib.xcodeproj */;
			proxyType = 1;
			remoteGlobalIDString = D2AAC07D0554694100DB518D;
			remoteInfo = CordovaLib;
		};
/* End PBXContainerItemProxy section */

/* Begin PBXFileReference section */
		0135BAC165D84741ADD0D274 /* sqlite3.h */ = {isa = PBXFileReference; fileEncoding = 4; lastKnownFileType = sourcecode.c.h; name = sqlite3.h; path = "cordova-sqlite-storage/sqlite3.h"; sourceTree = "<group>"; };
		054431BC68A34EDD96E3C520 /* CDVInAppBrowser.h */ = {isa = PBXFileReference; fileEncoding = 4; lastKnownFileType = sourcecode.c.h; name = CDVInAppBrowser.h; path = org.apache.cordova.inappbrowser/CDVInAppBrowser.h; sourceTree = "<group>"; };
		07410EB70733440380F40508 /* CoreMedia.framework */ = {isa = PBXFileReference; fileEncoding = 4; lastKnownFileType = wrapper.framework; name = CoreMedia.framework; path = System/Library/Frameworks/CoreMedia.framework; sourceTree = SDKROOT; };
		0C6E6BC57A044D6FB403290B /* CDVLocation.m */ = {isa = PBXFileReference; fileEncoding = 4; lastKnownFileType = sourcecode.c.objc; name = CDVLocation.m; path = "cordova-plugin-geolocation/CDVLocation.m"; sourceTree = "<group>"; };
		0D5801A6D6F74F2096CB153B /* DatePicker.xib */ = {isa = PBXFileReference; fileEncoding = 4; lastKnownFileType = file.xib; path = DatePicker.xib; sourceTree = "<group>"; };
		0F7C33B4659E4557BDF362AD /* RTCMediaConstraints.h */ = {isa = PBXFileReference; fileEncoding = 4; lastKnownFileType = sourcecode.c.h; name = RTCMediaConstraints.h; path = com.dooble.phonertc/RTCMediaConstraints.h; sourceTree = "<group>"; };
		1209C363ECBC415FA8E29148 /* sqlite3.c */ = {isa = PBXFileReference; fileEncoding = 4; lastKnownFileType = unknown; name = sqlite3.c; path = "cordova-sqlite-storage/sqlite3.c"; sourceTree = "<group>"; };
		1332E24DB8C046148CF4599C /* CDVBackgroundGeoLocation.h */ = {isa = PBXFileReference; fileEncoding = 4; lastKnownFileType = sourcecode.c.h; name = CDVBackgroundGeoLocation.h; path = "org.transistorsoft.cordova.background-geolocation/CDVBackgroundGeoLocation.h"; sourceTree = "<group>"; };
		1A06C8A91BCB174000480733 /* marimbal.wav */ = {isa = PBXFileReference; lastKnownFileType = audio.wav; name = marimbal.wav; path = VirtualGuardian/marimbal.wav; sourceTree = "<group>"; };
		1A06C8AA1BCB174000480733 /* none.wav */ = {isa = PBXFileReference; lastKnownFileType = audio.wav; name = none.wav; path = VirtualGuardian/none.wav; sourceTree = "<group>"; };
		1A06C8AE1BCB193800480733 /* marimba.wav */ = {isa = PBXFileReference; lastKnownFileType = audio.wav; name = marimba.wav; path = VirtualGuardian/marimba.wav; sourceTree = "<group>"; };
		1A1870831BC310C300448A81 /* StoreKit.framework */ = {isa = PBXFileReference; lastKnownFileType = wrapper.framework; name = StoreKit.framework; path = System/Library/Frameworks/StoreKit.framework; sourceTree = SDKROOT; };
		1A74AB681BC8664C008A3EAE /* SocketIO-iOS.h */ = {isa = PBXFileReference; lastKnownFileType = sourcecode.c.h; name = "SocketIO-iOS.h"; path = "socketio/SocketIO-iOS/SocketIO-iOS.h"; sourceTree = "<group>"; };
		1A74ABAD1BC875AE008A3EAE /* xcdebugger */ = {isa = PBXFileReference; lastKnownFileType = folder; name = xcdebugger; path = VirtualGuardian.xcodeproj/xcuserdata/ADG.xcuserdatad/xcdebugger; sourceTree = "<group>"; };
		1A74ABAF1BC87703008A3EAE /* SocketIOClientSwift */ = {isa = PBXFileReference; lastKnownFileType = folder; name = SocketIOClientSwift; path = socketio/SocketIOClientSwift; sourceTree = "<group>"; };
		1D3623240D0F684500981E51 /* AppDelegate.h */ = {isa = PBXFileReference; fileEncoding = 4; lastKnownFileType = sourcecode.c.h; path = AppDelegate.h; sourceTree = "<group>"; };
		1D3623250D0F684500981E51 /* AppDelegate.m */ = {isa = PBXFileReference; fileEncoding = 4; lastKnownFileType = sourcecode.c.objc; path = AppDelegate.m; sourceTree = "<group>"; };
		1D6058910D05DD3D006BFB54 /* VirtualGuardian.app */ = {isa = PBXFileReference; explicitFileType = wrapper.application; includeInIndex = 0; path = VirtualGuardian.app; sourceTree = BUILT_PRODUCTS_DIR; };
		1DF27BDE1BB99DE80015C2AD /* UIKit.framework */ = {isa = PBXFileReference; lastKnownFileType = wrapper.framework; name = UIKit.framework; path = System/Library/Frameworks/UIKit.framework; sourceTree = SDKROOT; };
		1E32617FCD7341FEBEE1F83E /* CoreVideo.framework */ = {isa = PBXFileReference; fileEncoding = 4; lastKnownFileType = wrapper.framework; name = CoreVideo.framework; path = System/Library/Frameworks/CoreVideo.framework; sourceTree = SDKROOT; };
		208AF14642E8479694FDC2BC /* AVFoundation.framework */ = {isa = PBXFileReference; fileEncoding = 4; lastKnownFileType = wrapper.framework; name = AVFoundation.framework; path = System/Library/Frameworks/AVFoundation.framework; sourceTree = SDKROOT; };
		247A0B2ECA8A46E3927B0EF1 /* RTCPeerConnection.h */ = {isa = PBXFileReference; fileEncoding = 4; lastKnownFileType = sourcecode.c.h; name = RTCPeerConnection.h; path = com.dooble.phonertc/RTCPeerConnection.h; sourceTree = "<group>"; };
		256CF8D9324F4E11A6E2AAEE /* CDVVibration.m */ = {isa = PBXFileReference; fileEncoding = 4; lastKnownFileType = sourcecode.c.objc; name = CDVVibration.m; path = "cordova-plugin-vibration/CDVVibration.m"; sourceTree = "<group>"; };
		27ABF87138D74402907A1908 /* PushPlugin.h */ = {isa = PBXFileReference; fileEncoding = 4; lastKnownFileType = sourcecode.c.h; name = PushPlugin.h; path = com.phonegap.plugins.PushPlugin/PushPlugin.h; sourceTree = "<group>"; };
		288765FC0DF74451002DB57D /* CoreGraphics.framework */ = {isa = PBXFileReference; lastKnownFileType = wrapper.framework; name = CoreGraphics.framework; path = System/Library/Frameworks/CoreGraphics.framework; sourceTree = SDKROOT; };
		29B97316FDCFA39411CA2CEA /* main.m */ = {isa = PBXFileReference; fileEncoding = 4; lastKnownFileType = sourcecode.c.objc; path = main.m; sourceTree = "<group>"; };
		2CAB179E5C364812BADFB9E7 /* libstdc++.dylib */ = {isa = PBXFileReference; fileEncoding = 4; lastKnownFileType = "compiled.mach-o.dylib"; name = "libstdc++.dylib"; path = "usr/lib/libstdc++.dylib"; sourceTree = SDKROOT; };
		2E9CAB44E3DC41828DA15C95 /* DatePicker.xib */ = {isa = PBXFileReference; fileEncoding = 4; lastKnownFileType = file.xib; path = DatePicker.xib; sourceTree = "<group>"; };
		2EAE7AFE8F8D413B962DBBA0 /* RTCStatsReport.h */ = {isa = PBXFileReference; fileEncoding = 4; lastKnownFileType = sourcecode.c.h; name = RTCStatsReport.h; path = com.dooble.phonertc/RTCStatsReport.h; sourceTree = "<group>"; };
		2FC6BE0456444C7F921C52CB /* PhoneRTCPlugin.swift */ = {isa = PBXFileReference; fileEncoding = 4; lastKnownFileType = unknown; name = PhoneRTCPlugin.swift; path = com.dooble.phonertc/PhoneRTCPlugin.swift; sourceTree = "<group>"; };
		301BF52D109A57CC0062928A /* CordovaLib.xcodeproj */ = {isa = PBXFileReference; lastKnownFileType = "wrapper.pb-project"; name = CordovaLib.xcodeproj; path = CordovaLib/CordovaLib.xcodeproj; sourceTree = "<group>"; };
		301BF56E109A69640062928A /* www */ = {isa = PBXFileReference; lastKnownFileType = folder; path = www; sourceTree = SOURCE_ROOT; };
		302D95EE14D2391D003F00A1 /* MainViewController.h */ = {isa = PBXFileReference; fileEncoding = 4; lastKnownFileType = sourcecode.c.h; path = MainViewController.h; sourceTree = "<group>"; };
		302D95EF14D2391D003F00A1 /* MainViewController.m */ = {isa = PBXFileReference; fileEncoding = 4; lastKnownFileType = sourcecode.c.objc; path = MainViewController.m; sourceTree = "<group>"; };
		302D95F014D2391D003F00A1 /* MainViewController.xib */ = {isa = PBXFileReference; fileEncoding = 4; lastKnownFileType = file.xib; path = MainViewController.xib; sourceTree = "<group>"; };
		305D5FD0115AB8F900A74A75 /* MobileCoreServices.framework */ = {isa = PBXFileReference; lastKnownFileType = wrapper.framework; name = MobileCoreServices.framework; path = System/Library/Frameworks/MobileCoreServices.framework; sourceTree = SDKROOT; };
		3088BBB7154F3926009F9C59 /* Default-Landscape@2x~ipad.png */ = {isa = PBXFileReference; lastKnownFileType = image.png; path = "Default-Landscape@2x~ipad.png"; sourceTree = "<group>"; };
		3088BBB8154F3926009F9C59 /* Default-Landscape~ipad.png */ = {isa = PBXFileReference; lastKnownFileType = image.png; path = "Default-Landscape~ipad.png"; sourceTree = "<group>"; };
		3088BBB9154F3926009F9C59 /* Default-Portrait@2x~ipad.png */ = {isa = PBXFileReference; lastKnownFileType = image.png; path = "Default-Portrait@2x~ipad.png"; sourceTree = "<group>"; };
		3088BBBA154F3926009F9C59 /* Default-Portrait~ipad.png */ = {isa = PBXFileReference; lastKnownFileType = image.png; path = "Default-Portrait~ipad.png"; sourceTree = "<group>"; };
		3088BBBB154F3926009F9C59 /* Default@2x~iphone.png */ = {isa = PBXFileReference; lastKnownFileType = image.png; path = "Default@2x~iphone.png"; sourceTree = "<group>"; };
		3088BBBC154F3926009F9C59 /* Default~iphone.png */ = {isa = PBXFileReference; lastKnownFileType = image.png; path = "Default~iphone.png"; sourceTree = "<group>"; };
		308D052E1370CCF300D202BF /* icon-72.png */ = {isa = PBXFileReference; lastKnownFileType = image.png; path = "icon-72.png"; sourceTree = "<group>"; };
		308D052F1370CCF300D202BF /* icon.png */ = {isa = PBXFileReference; lastKnownFileType = image.png; path = icon.png; sourceTree = "<group>"; };
		308D05301370CCF300D202BF /* icon@2x.png */ = {isa = PBXFileReference; lastKnownFileType = image.png; path = "icon@2x.png"; sourceTree = "<group>"; };
		30B4F2FD19D5E07200D9F7D8 /* Default-667h.png */ = {isa = PBXFileReference; lastKnownFileType = image.png; path = "Default-667h.png"; sourceTree = "<group>"; };
		30B4F2FE19D5E07200D9F7D8 /* Default-736h.png */ = {isa = PBXFileReference; lastKnownFileType = image.png; path = "Default-736h.png"; sourceTree = "<group>"; };
		30B4F2FF19D5E07200D9F7D8 /* Default-Landscape-736h.png */ = {isa = PBXFileReference; lastKnownFileType = image.png; path = "Default-Landscape-736h.png"; sourceTree = "<group>"; };
		30C1856519D5FC0A00212699 /* icon-60@3x.png */ = {isa = PBXFileReference; lastKnownFileType = image.png; path = "icon-60@3x.png"; sourceTree = "<group>"; };
		30FC414816E50CA1004E6F35 /* icon-72@2x.png */ = {isa = PBXFileReference; lastKnownFileType = image.png; path = "icon-72@2x.png"; sourceTree = "<group>"; };
		32CA4F630368D1EE00C91783 /* VirtualGuardian-Prefix.pch */ = {isa = PBXFileReference; fileEncoding = 4; lastKnownFileType = sourcecode.c.h; path = "VirtualGuardian-Prefix.pch"; sourceTree = "<group>"; };
		336FB0F1A8794F0488127692 /* SQLitePlugin.h */ = {isa = PBXFileReference; fileEncoding = 4; lastKnownFileType = sourcecode.c.h; name = SQLitePlugin.h; path = "cordova-sqlite-storage/SQLitePlugin.h"; sourceTree = "<group>"; };
		353BDFB7CF5549CFAF88FEDB /* RTCStatsDelegate.h */ = {isa = PBXFileReference; fileEncoding = 4; lastKnownFileType = sourcecode.c.h; name = RTCStatsDelegate.h; path = com.dooble.phonertc/RTCStatsDelegate.h; sourceTree = "<group>"; };
		354AEAF2AF65424D9756D0CA /* CDVProximity.m */ = {isa = PBXFileReference; fileEncoding = 4; lastKnownFileType = sourcecode.c.objc; name = CDVProximity.m; path = org.awokenwell.proximity/CDVProximity.m; sourceTree = "<group>"; };
		372F237F6B5B4220880FF132 /* Toast.h */ = {isa = PBXFileReference; fileEncoding = 4; lastKnownFileType = sourcecode.c.h; name = Toast.h; path = "nl.x-services.plugins.toast/Toast.h"; sourceTree = "<group>"; };
		3860AC105A9345319A0E6B7B /* CDVLocation.h */ = {isa = PBXFileReference; fileEncoding = 4; lastKnownFileType = sourcecode.c.h; name = CDVLocation.h; path = "cordova-plugin-geolocation/CDVLocation.h"; sourceTree = "<group>"; };
		38B667CF50FC43DAB41776FA /* CDVReachability.h */ = {isa = PBXFileReference; fileEncoding = 4; lastKnownFileType = sourcecode.c.h; name = CDVReachability.h; path = "cordova-plugin-network-information/CDVReachability.h"; sourceTree = "<group>"; };
		3B6D887C4829441A95A3D291 /* CDVConnection.m */ = {isa = PBXFileReference; fileEncoding = 4; lastKnownFileType = sourcecode.c.objc; name = CDVConnection.m; path = "cordova-plugin-network-information/CDVConnection.m"; sourceTree = "<group>"; };
		3D1B3AA170C545C3B436BD97 /* CDVVibration.h */ = {isa = PBXFileReference; fileEncoding = 4; lastKnownFileType = sourcecode.c.h; name = CDVVibration.h; path = "cordova-plugin-vibration/CDVVibration.h"; sourceTree = "<group>"; };
		41FF0EBEB6AE4CD0837FBA3E /* AudioTogglePlugin.m */ = {isa = PBXFileReference; fileEncoding = 4; lastKnownFileType = sourcecode.c.objc; name = AudioTogglePlugin.m; path = com.dooble.audiotoggle/AudioTogglePlugin.m; sourceTree = "<group>"; };
		44C17E95FE4E415288A27C3D /* RTCOpenGLVideoRenderer.h */ = {isa = PBXFileReference; fileEncoding = 4; lastKnownFileType = sourcecode.c.h; name = RTCOpenGLVideoRenderer.h; path = com.dooble.phonertc/RTCOpenGLVideoRenderer.h; sourceTree = "<group>"; };
		46092F22D02C4034A41BCB58 /* RTCEAGLVideoView.h */ = {isa = PBXFileReference; fileEncoding = 4; lastKnownFileType = sourcecode.c.h; name = RTCEAGLVideoView.h; path = com.dooble.phonertc/RTCEAGLVideoView.h; sourceTree = "<group>"; };
		49AD9961F1384983B70D1024 /* SQLitePlugin.m */ = {isa = PBXFileReference; fileEncoding = 4; lastKnownFileType = sourcecode.c.objc; name = SQLitePlugin.m; path = io.litehelpers.cordova.sqlite/SQLitePlugin.m; sourceTree = "<group>"; };
		4F047DD1ED804CE3AC6E8677 /* AudioToolbox.framework */ = {isa = PBXFileReference; fileEncoding = 4; lastKnownFileType = wrapper.framework; name = AudioToolbox.framework; path = System/Library/Frameworks/AudioToolbox.framework; sourceTree = SDKROOT; };
		4F9A62A3F705482BBFE0ED60 /* RTCICEServer.h */ = {isa = PBXFileReference; fileEncoding = 4; lastKnownFileType = sourcecode.c.h; name = RTCICEServer.h; path = com.dooble.phonertc/RTCICEServer.h; sourceTree = "<group>"; };
		5078FE3345374E17BD9D33D3 /* OpenGLES.framework */ = {isa = PBXFileReference; fileEncoding = 4; lastKnownFileType = wrapper.framework; name = OpenGLES.framework; path = System/Library/Frameworks/OpenGLES.framework; sourceTree = SDKROOT; };
		519D64C89D1F4F6C88E250D7 /* IonicKeyboard.m */ = {isa = PBXFileReference; fileEncoding = 4; lastKnownFileType = sourcecode.c.objc; name = IonicKeyboard.m; path = com.ionic.keyboard/IonicKeyboard.m; sourceTree = "<group>"; };
		52458E881C67452EAA554FF8 /* DatePicker.h */ = {isa = PBXFileReference; fileEncoding = 4; lastKnownFileType = sourcecode.c.h; name = DatePicker.h; path = "cordova-plugin-datepicker/DatePicker.h"; sourceTree = "<group>"; };
		55EA78129E15485EBE4A5451 /* PushPlugin.m */ = {isa = PBXFileReference; fileEncoding = 4; lastKnownFileType = sourcecode.c.objc; name = PushPlugin.m; path = com.phonegap.plugins.PushPlugin/PushPlugin.m; sourceTree = "<group>"; };
		57F342A14AED44DDBF47BE86 /* SessionDescriptionDelegate.swift */ = {isa = PBXFileReference; fileEncoding = 4; lastKnownFileType = unknown; name = SessionDescriptionDelegate.swift; path = com.dooble.phonertc/SessionDescriptionDelegate.swift; sourceTree = "<group>"; };
		599DAA7A2A1D4DB8A87D3926 /* CDVBackgroundGeoLocation.m */ = {isa = PBXFileReference; fileEncoding = 4; lastKnownFileType = sourcecode.c.objc; name = CDVBackgroundGeoLocation.m; path = "org.transistorsoft.cordova.background-geolocation/CDVBackgroundGeoLocation.m"; sourceTree = "<group>"; };
		5A1DA957A2454ABDA405CA56 /* RTCICECandidate.h */ = {isa = PBXFileReference; fileEncoding = 4; lastKnownFileType = sourcecode.c.h; name = RTCICECandidate.h; path = com.dooble.phonertc/RTCICECandidate.h; sourceTree = "<group>"; };
		5A8FFE124A56437094DF5A67 /* CDVNotification.m */ = {isa = PBXFileReference; fileEncoding = 4; lastKnownFileType = sourcecode.c.objc; name = CDVNotification.m; path = "cordova-plugin-dialogs/CDVNotification.m"; sourceTree = "<group>"; };
		5B1594DC16A7569C00FEF299 /* AssetsLibrary.framework */ = {isa = PBXFileReference; lastKnownFileType = wrapper.framework; name = AssetsLibrary.framework; path = System/Library/Frameworks/AssetsLibrary.framework; sourceTree = SDKROOT; };
		5DF0DEA25487488CB1C83B47 /* RTCSessionDescription.h */ = {isa = PBXFileReference; fileEncoding = 4; lastKnownFileType = sourcecode.c.h; name = RTCSessionDescription.h; path = com.dooble.phonertc/RTCSessionDescription.h; sourceTree = "<group>"; };
		63A81C8C45B546F987FDF261 /* CDVDevice.h */ = {isa = PBXFileReference; fileEncoding = 4; lastKnownFileType = sourcecode.c.h; name = CDVDevice.h; path = "cordova-plugin-device/CDVDevice.h"; sourceTree = "<group>"; };
		63A9CF8082AF4C38A296C253 /* DatePicker.m */ = {isa = PBXFileReference; fileEncoding = 4; lastKnownFileType = sourcecode.c.objc; name = DatePicker.m; path = com.plugin.datepicker/DatePicker.m; sourceTree = "<group>"; };
		64D879270FAE4EB99F003474 /* RTCMediaStream.h */ = {isa = PBXFileReference; fileEncoding = 4; lastKnownFileType = sourcecode.c.h; name = RTCMediaStream.h; path = com.dooble.phonertc/RTCMediaStream.h; sourceTree = "<group>"; };
		650CDBE070484791BFE842BA /* SQLitePlugin.m */ = {isa = PBXFileReference; fileEncoding = 4; lastKnownFileType = sourcecode.c.objc; name = SQLitePlugin.m; path = "cordova-sqlite-storage/SQLitePlugin.m"; sourceTree = "<group>"; };
		66B35A836FC14B42A1EC558C /* Session.swift */ = {isa = PBXFileReference; fileEncoding = 4; lastKnownFileType = unknown; name = Session.swift; path = com.dooble.phonertc/Session.swift; sourceTree = "<group>"; };
		6829F0F4256940DFAA87A252 /* SKProduct+LocalizedPrice.h */ = {isa = PBXFileReference; fileEncoding = 4; lastKnownFileType = sourcecode.c.h; name = "SKProduct+LocalizedPrice.h"; path = "cc.fovea.cordova.purchase/SKProduct+LocalizedPrice.h"; sourceTree = "<group>"; };
		6F53E5DCFC0C41E99200B3AF /* CDVLogger.m */ = {isa = PBXFileReference; fileEncoding = 4; lastKnownFileType = sourcecode.c.objc; name = CDVLogger.m; path = "cordova-plugin-console/CDVLogger.m"; sourceTree = "<group>"; };
		732AFD335FCE40C08A594DC6 /* AppDelegate+notification.h */ = {isa = PBXFileReference; fileEncoding = 4; lastKnownFileType = sourcecode.c.h; name = "AppDelegate+notification.h"; path = "com.phonegap.plugins.PushPlugin/AppDelegate+notification.h"; sourceTree = "<group>"; };
		7538884361664E1AA9225252 /* RTCPeerConnectionDelegate.h */ = {isa = PBXFileReference; fileEncoding = 4; lastKnownFileType = sourcecode.c.h; name = RTCPeerConnectionDelegate.h; path = com.dooble.phonertc/RTCPeerConnectionDelegate.h; sourceTree = "<group>"; };
		7867559EEBAE4A1596A6D32F /* InAppPurchase.m */ = {isa = PBXFileReference; fileEncoding = 4; lastKnownFileType = sourcecode.c.objc; name = InAppPurchase.m; path = cc.fovea.cordova.purchase/InAppPurchase.m; sourceTree = "<group>"; };
		78BCE3491B67FDEC007B3EA9 /* PushKit.framework */ = {isa = PBXFileReference; lastKnownFileType = wrapper.framework; name = PushKit.framework; path = System/Library/Frameworks/PushKit.framework; sourceTree = SDKROOT; };
		78FA95FF1B8414840071BE9A /* FileUtility.h */ = {isa = PBXFileReference; fileEncoding = 4; lastKnownFileType = sourcecode.c.h; name = FileUtility.h; path = cc.fovea.cordova.purchase/FileUtility.h; sourceTree = "<group>"; };
		78FA96001B8414840071BE9A /* FileUtility.m */ = {isa = PBXFileReference; fileEncoding = 4; lastKnownFileType = sourcecode.c.objc; name = FileUtility.m; path = cc.fovea.cordova.purchase/FileUtility.m; sourceTree = "<group>"; };
		7DD7C3F1A61C4EA8948D31B3 /* DatePicker.xib */ = {isa = PBXFileReference; fileEncoding = 4; lastKnownFileType = file.xib; path = DatePicker.xib; sourceTree = "<group>"; };
		7DE98545928E4D24A0AF11BF /* sqlite3.h */ = {isa = PBXFileReference; fileEncoding = 4; lastKnownFileType = sourcecode.c.h; name = sqlite3.h; path = io.litehelpers.cordova.sqlite/sqlite3.h; sourceTree = "<group>"; };
		7E7966D41810823500FA85AD /* icon-40.png */ = {isa = PBXFileReference; lastKnownFileType = image.png; path = "icon-40.png"; sourceTree = "<group>"; };
		7E7966D51810823500FA85AD /* icon-40@2x.png */ = {isa = PBXFileReference; lastKnownFileType = image.png; path = "icon-40@2x.png"; sourceTree = "<group>"; };
		7E7966D61810823500FA85AD /* icon-50.png */ = {isa = PBXFileReference; lastKnownFileType = image.png; path = "icon-50.png"; sourceTree = "<group>"; };
		7E7966D71810823500FA85AD /* icon-50@2x.png */ = {isa = PBXFileReference; lastKnownFileType = image.png; path = "icon-50@2x.png"; sourceTree = "<group>"; };
		7E7966D81810823500FA85AD /* icon-60.png */ = {isa = PBXFileReference; lastKnownFileType = image.png; path = "icon-60.png"; sourceTree = "<group>"; };
		7E7966D91810823500FA85AD /* icon-60@2x.png */ = {isa = PBXFileReference; lastKnownFileType = image.png; path = "icon-60@2x.png"; sourceTree = "<group>"; };
		7E7966DA1810823500FA85AD /* icon-76.png */ = {isa = PBXFileReference; lastKnownFileType = image.png; path = "icon-76.png"; sourceTree = "<group>"; };
		7E7966DB1810823500FA85AD /* icon-76@2x.png */ = {isa = PBXFileReference; lastKnownFileType = image.png; path = "icon-76@2x.png"; sourceTree = "<group>"; };
		7E7966DC1810823500FA85AD /* icon-small.png */ = {isa = PBXFileReference; lastKnownFileType = image.png; path = "icon-small.png"; sourceTree = "<group>"; };
		7E7966DD1810823500FA85AD /* icon-small@2x.png */ = {isa = PBXFileReference; lastKnownFileType = image.png; path = "icon-small@2x.png"; sourceTree = "<group>"; };
		8030BB38C9C746A9A36A4EB0 /* UIWebViewExtension.h */ = {isa = PBXFileReference; fileEncoding = 4; lastKnownFileType = sourcecode.c.h; name = UIWebViewExtension.h; path = com.ionic.keyboard/UIWebViewExtension.h; sourceTree = "<group>"; };
		80666CF8C66F4D839EDC2A4E /* CDVSplashScreen.m */ = {isa = PBXFileReference; fileEncoding = 4; lastKnownFileType = sourcecode.c.objc; name = CDVSplashScreen.m; path = "cordova-plugin-splashscreen/CDVSplashScreen.m"; sourceTree = "<group>"; };
		8289922C035D400DA6D7EBC1 /* RTCMediaStreamTrack.h */ = {isa = PBXFileReference; fileEncoding = 4; lastKnownFileType = sourcecode.c.h; name = RTCMediaStreamTrack.h; path = com.dooble.phonertc/RTCMediaStreamTrack.h; sourceTree = "<group>"; };
		845BA7CA5C3446DCB3256BBA /* AudioTogglePlugin.h */ = {isa = PBXFileReference; fileEncoding = 4; lastKnownFileType = sourcecode.c.h; name = AudioTogglePlugin.h; path = com.dooble.audiotoggle/AudioTogglePlugin.h; sourceTree = "<group>"; };
		847765C470B84A5FA741D486 /* SystemConfiguration.framework */ = {isa = PBXFileReference; fileEncoding = 4; lastKnownFileType = wrapper.framework; name = SystemConfiguration.framework; path = System/Library/Frameworks/SystemConfiguration.framework; sourceTree = SDKROOT; };
		88986FE56A924A84B94664E0 /* CDVProximity.h */ = {isa = PBXFileReference; fileEncoding = 4; lastKnownFileType = sourcecode.c.h; name = CDVProximity.h; path = org.awokenwell.proximity/CDVProximity.h; sourceTree = "<group>"; };
		88B77228EBC34765955B3868 /* DatePicker.m */ = {isa = PBXFileReference; fileEncoding = 4; lastKnownFileType = sourcecode.c.objc; name = DatePicker.m; path = "cordova-plugin-datepicker/DatePicker.m"; sourceTree = "<group>"; };
		89D3DEADC69944C28C9F3C89 /* CDVGlobalization.h */ = {isa = PBXFileReference; fileEncoding = 4; lastKnownFileType = sourcecode.c.h; name = CDVGlobalization.h; path = "cordova-plugin-globalization/CDVGlobalization.h"; sourceTree = "<group>"; };
		8D1107310486CEB800E47090 /* VirtualGuardian-Info.plist */ = {isa = PBXFileReference; fileEncoding = 4; lastKnownFileType = text.plist.xml; name = "VirtualGuardian-Info.plist"; path = "../VirtualGuardian-Info.plist"; plistStructureDefinitionIdentifier = "com.apple.xcode.plist.structure-definition.iphone.info-plist"; sourceTree = "<group>"; };
		8F2492058EA045CB8E40C8D1 /* DatePicker.h */ = {isa = PBXFileReference; fileEncoding = 4; lastKnownFileType = sourcecode.c.h; name = DatePicker.h; path = com.plugin.datepicker/DatePicker.h; sourceTree = "<group>"; };
		939481291AB44F9D9AD92F36 /* CDVInAppBrowser.m */ = {isa = PBXFileReference; fileEncoding = 4; lastKnownFileType = sourcecode.c.objc; name = CDVInAppBrowser.m; path = org.apache.cordova.inappbrowser/CDVInAppBrowser.m; sourceTree = "<group>"; };
		93D01E9ACF7B44978D361FD7 /* CDVConnection.h */ = {isa = PBXFileReference; fileEncoding = 4; lastKnownFileType = sourcecode.c.h; name = CDVConnection.h; path = "cordova-plugin-network-information/CDVConnection.h"; sourceTree = "<group>"; };
		94D152B46F9C45E2A6AA213C /* Toast+UIView.m */ = {isa = PBXFileReference; fileEncoding = 4; lastKnownFileType = sourcecode.c.objc; name = "Toast+UIView.m"; path = "nl.x-services.plugins.toast/Toast+UIView.m"; sourceTree = "<group>"; };
		989756F0C80A4C42943E0AA8 /* RTCVideoRenderer.h */ = {isa = PBXFileReference; fileEncoding = 4; lastKnownFileType = sourcecode.c.h; name = RTCVideoRenderer.h; path = com.dooble.phonertc/RTCVideoRenderer.h; sourceTree = "<group>"; };
		98D77896FA994BC892671CD1 /* RTCVideoTrack.h */ = {isa = PBXFileReference; fileEncoding = 4; lastKnownFileType = sourcecode.c.h; name = RTCVideoTrack.h; path = com.dooble.phonertc/RTCVideoTrack.h; sourceTree = "<group>"; };
		9B179B2F8001428B862CAF89 /* CDVLogger.h */ = {isa = PBXFileReference; fileEncoding = 4; lastKnownFileType = sourcecode.c.h; name = CDVLogger.h; path = "cordova-plugin-console/CDVLogger.h"; sourceTree = "<group>"; };
		9BF9161AEF1141D3BA3E1D7C /* CDVStatusBar.m */ = {isa = PBXFileReference; fileEncoding = 4; lastKnownFileType = sourcecode.c.objc; name = CDVStatusBar.m; path = "cordova-plugin-statusbar/CDVStatusBar.m"; sourceTree = "<group>"; };
		A35C158BB0DD4A8086DBA182 /* RTCPeerConnectionFactory.h */ = {isa = PBXFileReference; fileEncoding = 4; lastKnownFileType = sourcecode.c.h; name = RTCPeerConnectionFactory.h; path = com.dooble.phonertc/RTCPeerConnectionFactory.h; sourceTree = "<group>"; };
		A6C9EC9993C742F4BFEBC5E3 /* CoreLocation.framework */ = {isa = PBXFileReference; fileEncoding = 4; lastKnownFileType = wrapper.framework; name = CoreLocation.framework; path = System/Library/Frameworks/CoreLocation.framework; sourceTree = SDKROOT; };
		A7550A78B160466494AF5054 /* CDVNotification.h */ = {isa = PBXFileReference; fileEncoding = 4; lastKnownFileType = sourcecode.c.h; name = CDVNotification.h; path = "cordova-plugin-dialogs/CDVNotification.h"; sourceTree = "<group>"; };
		A8731526069A441680F2A278 /* Bridging-Header.h */ = {isa = PBXFileReference; fileEncoding = 4; lastKnownFileType = sourcecode.c.h; name = "Bridging-Header.h"; path = "com.dooble.phonertc/Bridging-Header.h"; sourceTree = "<group>"; };
		A95FDA54EE7E460A838BD065 /* CDVSplashScreen.h */ = {isa = PBXFileReference; fileEncoding = 4; lastKnownFileType = sourcecode.c.h; name = CDVSplashScreen.h; path = "cordova-plugin-splashscreen/CDVSplashScreen.h"; sourceTree = "<group>"; };
		AA041D16AA4C49168DBDC003 /* Toast+UIView.h */ = {isa = PBXFileReference; fileEncoding = 4; lastKnownFileType = sourcecode.c.h; name = "Toast+UIView.h"; path = "nl.x-services.plugins.toast/Toast+UIView.h"; sourceTree = "<group>"; };
		AA0C5D64FBE3435EA9BE57C2 /* sqlite3.c */ = {isa = PBXFileReference; fileEncoding = 4; lastKnownFileType = unknown; name = sqlite3.c; path = io.litehelpers.cordova.sqlite/sqlite3.c; sourceTree = "<group>"; };
		B20526ABD6B44DB4B3A5AE7C /* AppVersion.h */ = {isa = PBXFileReference; fileEncoding = 4; lastKnownFileType = sourcecode.c.h; name = AppVersion.h; path = uk.co.whiteoctober.cordova.appversion/AppVersion.h; sourceTree = "<group>"; };
		B39558D510B045BA94F4C780 /* libsqlite3.0.dylib */ = {isa = PBXFileReference; fileEncoding = 4; lastKnownFileType = "compiled.mach-o.dylib"; name = libsqlite3.0.dylib; path = usr/lib/libsqlite3.0.dylib; sourceTree = SDKROOT; };
		B4AF9D08A51D4658A349BEF8 /* SKProduct+LocalizedPrice.m */ = {isa = PBXFileReference; fileEncoding = 4; lastKnownFileType = sourcecode.c.objc; name = "SKProduct+LocalizedPrice.m"; path = "cc.fovea.cordova.purchase/SKProduct+LocalizedPrice.m"; sourceTree = "<group>"; };
		B52D8F61F339427FAD0EF48F /* QuartzCore.framework */ = {isa = PBXFileReference; fileEncoding = 4; lastKnownFileType = wrapper.framework; name = QuartzCore.framework; path = System/Library/Frameworks/QuartzCore.framework; sourceTree = SDKROOT; };
		B6C9E2F767E04B7E8A78657D /* RTCVideoSource.h */ = {isa = PBXFileReference; fileEncoding = 4; lastKnownFileType = sourcecode.c.h; name = RTCVideoSource.h; path = com.dooble.phonertc/RTCVideoSource.h; sourceTree = "<group>"; };
		B7295CA536DF457392B3C6C6 /* RTCTypes.h */ = {isa = PBXFileReference; fileEncoding = 4; lastKnownFileType = sourcecode.c.h; name = RTCTypes.h; path = com.dooble.phonertc/RTCTypes.h; sourceTree = "<group>"; };
		BA5D6AFD942744A68A8238C0 /* SQLitePlugin.h */ = {isa = PBXFileReference; fileEncoding = 4; lastKnownFileType = sourcecode.c.h; name = SQLitePlugin.h; path = io.litehelpers.cordova.sqlite/SQLitePlugin.h; sourceTree = "<group>"; };
		BBD94BEAB23645BDACD7EDB8 /* IonicKeyboard.h */ = {isa = PBXFileReference; fileEncoding = 4; lastKnownFileType = sourcecode.c.h; name = IonicKeyboard.h; path = com.ionic.keyboard/IonicKeyboard.h; sourceTree = "<group>"; };
		C0EF23E49F9C422B9060661C /* libPhoneRTC.a */ = {isa = PBXFileReference; fileEncoding = 4; lastKnownFileType = archive.ar; name = libPhoneRTC.a; path = VirtualGuardian/Plugins/com.dooble.phonertc/libPhoneRTC.a; sourceTree = "<group>"; };
		C16ADA30523341C1A79DE220 /* Toast.m */ = {isa = PBXFileReference; fileEncoding = 4; lastKnownFileType = sourcecode.c.objc; name = Toast.m; path = "nl.x-services.plugins.toast/Toast.m"; sourceTree = "<group>"; };
		C1A3371554E84BC9A29A0908 /* RTCI420Frame.h */ = {isa = PBXFileReference; fileEncoding = 4; lastKnownFileType = sourcecode.c.h; name = RTCI420Frame.h; path = com.dooble.phonertc/RTCI420Frame.h; sourceTree = "<group>"; };
		C1AB968473F14187B75DBB83 /* RTCAudioSource.h */ = {isa = PBXFileReference; fileEncoding = 4; lastKnownFileType = sourcecode.c.h; name = RTCAudioSource.h; path = com.dooble.phonertc/RTCAudioSource.h; sourceTree = "<group>"; };
		C6525AFCF6294FF0BFA4115E /* CDVDevice.m */ = {isa = PBXFileReference; fileEncoding = 4; lastKnownFileType = sourcecode.c.objc; name = CDVDevice.m; path = "cordova-plugin-device/CDVDevice.m"; sourceTree = "<group>"; };
		CEE8010F180D4ACD9FA61E2C /* InAppPurchase.h */ = {isa = PBXFileReference; fileEncoding = 4; lastKnownFileType = sourcecode.c.h; name = InAppPurchase.h; path = cc.fovea.cordova.purchase/InAppPurchase.h; sourceTree = "<group>"; };
		D2DE0343C8CC4C6492EBE441 /* CoreAudio.framework */ = {isa = PBXFileReference; fileEncoding = 4; lastKnownFileType = wrapper.framework; name = CoreAudio.framework; path = System/Library/Frameworks/CoreAudio.framework; sourceTree = SDKROOT; };
		D3B0EFB4A09B44A983428C95 /* AppDelegate+notification.m */ = {isa = PBXFileReference; fileEncoding = 4; lastKnownFileType = sourcecode.c.objc; name = "AppDelegate+notification.m"; path = "com.phonegap.plugins.PushPlugin/AppDelegate+notification.m"; sourceTree = "<group>"; };
		D4A0D8751607E02300AEF8BB /* Default-568h@2x~iphone.png */ = {isa = PBXFileReference; lastKnownFileType = image.png; path = "Default-568h@2x~iphone.png"; sourceTree = "<group>"; };
		D664A97C690446FB94DF12D1 /* RTCNSGLVideoView.h */ = {isa = PBXFileReference; fileEncoding = 4; lastKnownFileType = sourcecode.c.h; name = RTCNSGLVideoView.h; path = com.dooble.phonertc/RTCNSGLVideoView.h; sourceTree = "<group>"; };
		D9517425C808495B949C37DA /* RTCVideoCapturer.h */ = {isa = PBXFileReference; fileEncoding = 4; lastKnownFileType = sourcecode.c.h; name = RTCVideoCapturer.h; path = com.dooble.phonertc/RTCVideoCapturer.h; sourceTree = "<group>"; };
		D9705078C3404F54BC4E5C4C /* RTCMediaSource.h */ = {isa = PBXFileReference; fileEncoding = 4; lastKnownFileType = sourcecode.c.h; name = RTCMediaSource.h; path = com.dooble.phonertc/RTCMediaSource.h; sourceTree = "<group>"; };
		D9725B5BBF524162B1A9D469 /* RTCPair.h */ = {isa = PBXFileReference; fileEncoding = 4; lastKnownFileType = sourcecode.c.h; name = RTCPair.h; path = com.dooble.phonertc/RTCPair.h; sourceTree = "<group>"; };
		D999B9AB7F3740C48E79E06B /* libc++.dylib */ = {isa = PBXFileReference; fileEncoding = 4; lastKnownFileType = "compiled.mach-o.dylib"; name = "libc++.dylib"; path = "usr/lib/libc++.dylib"; sourceTree = SDKROOT; };
		DC39C83C8B7B41ECA9B01E5D /* AppVersion.m */ = {isa = PBXFileReference; fileEncoding = 4; lastKnownFileType = sourcecode.c.objc; name = AppVersion.m; path = uk.co.whiteoctober.cordova.appversion/AppVersion.m; sourceTree = "<group>"; };
		DE63C2B10749403CBFD64A1F /* PCObserver.swift */ = {isa = PBXFileReference; fileEncoding = 4; lastKnownFileType = unknown; name = PCObserver.swift; path = com.dooble.phonertc/PCObserver.swift; sourceTree = "<group>"; };
		DEE8C1049D4F4FB0BA971C2D /* RTCAudioTrack.h */ = {isa = PBXFileReference; fileEncoding = 4; lastKnownFileType = sourcecode.c.h; name = RTCAudioTrack.h; path = com.dooble.phonertc/RTCAudioTrack.h; sourceTree = "<group>"; };
		E0F173485B2A4D6BA3233380 /* RTCDataChannel.h */ = {isa = PBXFileReference; fileEncoding = 4; lastKnownFileType = sourcecode.c.h; name = RTCDataChannel.h; path = com.dooble.phonertc/RTCDataChannel.h; sourceTree = "<group>"; };
		E246A026C79842E6906B38F8 /* GLKit.framework */ = {isa = PBXFileReference; fileEncoding = 4; lastKnownFileType = wrapper.framework; name = GLKit.framework; path = System/Library/Frameworks/GLKit.framework; sourceTree = SDKROOT; };
		E3293E6EA96F4281A5F02684 /* UIWebViewExtension.m */ = {isa = PBXFileReference; fileEncoding = 4; lastKnownFileType = sourcecode.c.objc; name = UIWebViewExtension.m; path = com.ionic.keyboard/UIWebViewExtension.m; sourceTree = "<group>"; };
		E57762AFDD19408FA910BA88 /* CDVStatusBar.h */ = {isa = PBXFileReference; fileEncoding = 4; lastKnownFileType = sourcecode.c.h; name = CDVStatusBar.h; path = "cordova-plugin-statusbar/CDVStatusBar.h"; sourceTree = "<group>"; };
		E8DE80CAD6784A5CBE2E56D0 /* CDVReachability.m */ = {isa = PBXFileReference; fileEncoding = 4; lastKnownFileType = sourcecode.c.objc; name = CDVReachability.m; path = "cordova-plugin-network-information/CDVReachability.m"; sourceTree = "<group>"; };
		EB87FDF21871DA7A0020F90C /* merges */ = {isa = PBXFileReference; lastKnownFileType = folder; name = merges; path = ../../merges; sourceTree = "<group>"; };
		EB87FDF31871DA8E0020F90C /* www */ = {isa = PBXFileReference; lastKnownFileType = folder; path = www; sourceTree = "<group>"; };
		EB87FDF41871DAF40020F90C /* config.xml */ = {isa = PBXFileReference; lastKnownFileType = text.xml; name = config.xml; path = VirtualGuardian/config.xml; sourceTree = "<group>"; };
		F616A4085C764AD1B3A61702 /* CDVNotification.bundle */ = {isa = PBXFileReference; lastKnownFileType = "wrapper.plug-in"; path = CDVNotification.bundle; sourceTree = "<group>"; };
		F840E1F0165FE0F500CFE078 /* config.xml */ = {isa = PBXFileReference; lastKnownFileType = text.xml; name = config.xml; path = ../../config.xml; sourceTree = "<group>"; };
		FE1BDBC5B6A1410A9C5D7B72 /* CDVGlobalization.m */ = {isa = PBXFileReference; fileEncoding = 4; lastKnownFileType = sourcecode.c.objc; name = CDVGlobalization.m; path = "cordova-plugin-globalization/CDVGlobalization.m"; sourceTree = "<group>"; };
		FF9D01779E3944C9AA538A61 /* Config.swift */ = {isa = PBXFileReference; fileEncoding = 4; lastKnownFileType = unknown; name = Config.swift; path = com.dooble.phonertc/Config.swift; sourceTree = "<group>"; };
		FFD02F60084E4055A0EE85FE /* RTCSessionDescriptionDelegate.h */ = {isa = PBXFileReference; fileEncoding = 4; lastKnownFileType = sourcecode.c.h; name = RTCSessionDescriptionDelegate.h; path = com.dooble.phonertc/RTCSessionDescriptionDelegate.h; sourceTree = "<group>"; };
/* End PBXFileReference section */

/* Begin PBXFrameworksBuildPhase section */
		1D60588F0D05DD3D006BFB54 /* Frameworks */ = {
			isa = PBXFrameworksBuildPhase;
			buildActionMask = 2147483647;
			files = (
				1DF27BDF1BB99DE80015C2AD /* UIKit.framework in Frameworks */,
				78BCE34A1B67FDEC007B3EA9 /* PushKit.framework in Frameworks */,
				5B1594DD16A7569C00FEF299 /* AssetsLibrary.framework in Frameworks */,
				301BF552109A68D80062928A /* libCordova.a in Frameworks */,
				288765FD0DF74451002DB57D /* CoreGraphics.framework in Frameworks */,
				305D5FD1115AB8F900A74A75 /* MobileCoreServices.framework in Frameworks */,
				8D9591612C4040EC8BC74DAD /* CoreLocation.framework in Frameworks */,
				A30F14D00E084904B311E352 /* SystemConfiguration.framework in Frameworks */,
				9452F802B32F4EBA8CB5AE2B /* AudioToolbox.framework in Frameworks */,
				12868B60E6124101A94743F3 /* QuartzCore.framework in Frameworks */,
				D1B0827DA6B348598AAA5D2A /* AVFoundation.framework in Frameworks */,
				FA611693E82B4439B2CDD847 /* libPhoneRTC.a in Frameworks */,
				C99627C6DD9D405D9DB5EB98 /* libc++.dylib in Frameworks */,
				014D6BABAC834EF3801D3354 /* libstdc++.dylib in Frameworks */,
				6A3307690EFA4CABAC444DCA /* libsqlite3.0.dylib in Frameworks */,
				1A1870841BC310C300448A81 /* StoreKit.framework in Frameworks */,
				FAFA1E8302C649EBAA6FB837 /* OpenGLES.framework in Frameworks */,
				F48E7C398C8D432D987EB0D5 /* CoreVideo.framework in Frameworks */,
				B964D9B22BE74509B239D49C /* CoreMedia.framework in Frameworks */,
				649D987299F34E999B0728BC /* CoreAudio.framework in Frameworks */,
				7F53B80FFC664FACBC93AE6B /* GLKit.framework in Frameworks */,
			);
			runOnlyForDeploymentPostprocessing = 0;
		};
/* End PBXFrameworksBuildPhase section */

/* Begin PBXGroup section */
		080E96DDFE201D6D7F000001 /* Classes */ = {
			isa = PBXGroup;
			children = (
				302D95EE14D2391D003F00A1 /* MainViewController.h */,
				302D95EF14D2391D003F00A1 /* MainViewController.m */,
				302D95F014D2391D003F00A1 /* MainViewController.xib */,
				1D3623240D0F684500981E51 /* AppDelegate.h */,
				1D3623250D0F684500981E51 /* AppDelegate.m */,
			);
			name = Classes;
			path = VirtualGuardian/Classes;
			sourceTree = SOURCE_ROOT;
		};
		19C28FACFE9D520D11CA2CBB /* Products */ = {
			isa = PBXGroup;
			children = (
				1D6058910D05DD3D006BFB54 /* VirtualGuardian.app */,
			);
			name = Products;
			sourceTree = "<group>";
		};
		29B97314FDCFA39411CA2CEA /* CustomTemplate */ = {
			isa = PBXGroup;
			children = (
				1A06C8A91BCB174000480733 /* marimbal.wav */,
				1A06C8AE1BCB193800480733 /* marimba.wav */,
				1A06C8AA1BCB174000480733 /* none.wav */,
				EB87FDF41871DAF40020F90C /* config.xml */,
				EB87FDF31871DA8E0020F90C /* www */,
				EB87FDF21871DA7A0020F90C /* merges */,
				EB87FDF11871DA420020F90C /* Staging */,
				301BF52D109A57CC0062928A /* CordovaLib.xcodeproj */,
				080E96DDFE201D6D7F000001 /* Classes */,
				307C750510C5A3420062BCA9 /* Plugins */,
				29B97315FDCFA39411CA2CEA /* Other Sources */,
				29B97317FDCFA39411CA2CEA /* Resources */,
				29B97323FDCFA39411CA2CEA /* Frameworks */,
				19C28FACFE9D520D11CA2CBB /* Products */,
			);
			name = CustomTemplate;
			sourceTree = "<group>";
		};
		29B97315FDCFA39411CA2CEA /* Other Sources */ = {
			isa = PBXGroup;
			children = (
				32CA4F630368D1EE00C91783 /* VirtualGuardian-Prefix.pch */,
				29B97316FDCFA39411CA2CEA /* main.m */,
			);
			name = "Other Sources";
			path = VirtualGuardian;
			sourceTree = "<group>";
		};
		29B97317FDCFA39411CA2CEA /* Resources */ = {
			isa = PBXGroup;
			children = (
				308D052D1370CCF300D202BF /* icons */,
				308D05311370CCF300D202BF /* splash */,
				8D1107310486CEB800E47090 /* VirtualGuardian-Info.plist */,
				0D5801A6D6F74F2096CB153B /* DatePicker.xib */,
				7DD7C3F1A61C4EA8948D31B3 /* DatePicker.xib */,
				2E9CAB44E3DC41828DA15C95 /* DatePicker.xib */,
				F616A4085C764AD1B3A61702 /* CDVNotification.bundle */,
			);
			name = Resources;
			path = ../../resources/ios;
			sourceTree = "<group>";
		};
		29B97323FDCFA39411CA2CEA /* Frameworks */ = {
			isa = PBXGroup;
			children = (
				1A74ABAF1BC87703008A3EAE /* SocketIOClientSwift */,
				1A74ABAD1BC875AE008A3EAE /* xcdebugger */,
				1A74AB681BC8664C008A3EAE /* SocketIO-iOS.h */,
				1A1870831BC310C300448A81 /* StoreKit.framework */,
				1DF27BDE1BB99DE80015C2AD /* UIKit.framework */,
				78BCE3491B67FDEC007B3EA9 /* PushKit.framework */,
				5B1594DC16A7569C00FEF299 /* AssetsLibrary.framework */,
				288765FC0DF74451002DB57D /* CoreGraphics.framework */,
				305D5FD0115AB8F900A74A75 /* MobileCoreServices.framework */,
				A6C9EC9993C742F4BFEBC5E3 /* CoreLocation.framework */,
				847765C470B84A5FA741D486 /* SystemConfiguration.framework */,
				4F047DD1ED804CE3AC6E8677 /* AudioToolbox.framework */,
				B52D8F61F339427FAD0EF48F /* QuartzCore.framework */,
				208AF14642E8479694FDC2BC /* AVFoundation.framework */,
				C0EF23E49F9C422B9060661C /* libPhoneRTC.a */,
				D999B9AB7F3740C48E79E06B /* libc++.dylib */,
				2CAB179E5C364812BADFB9E7 /* libstdc++.dylib */,
				B39558D510B045BA94F4C780 /* libsqlite3.0.dylib */,
				5078FE3345374E17BD9D33D3 /* OpenGLES.framework */,
				1E32617FCD7341FEBEE1F83E /* CoreVideo.framework */,
				07410EB70733440380F40508 /* CoreMedia.framework */,
				D2DE0343C8CC4C6492EBE441 /* CoreAudio.framework */,
				E246A026C79842E6906B38F8 /* GLKit.framework */,
			);
			name = Frameworks;
			sourceTree = "<group>";
		};
		301BF52E109A57CC0062928A /* Products */ = {
			isa = PBXGroup;
			children = (
				301BF535109A57CC0062928A /* libCordova.a */,
			);
			name = Products;
			sourceTree = "<group>";
		};
		307C750510C5A3420062BCA9 /* Plugins */ = {
			isa = PBXGroup;
			children = (
				78FA95FF1B8414840071BE9A /* FileUtility.h */,
				78FA96001B8414840071BE9A /* FileUtility.m */,
				519D64C89D1F4F6C88E250D7 /* IonicKeyboard.m */,
				E3293E6EA96F4281A5F02684 /* UIWebViewExtension.m */,
				BBD94BEAB23645BDACD7EDB8 /* IonicKeyboard.h */,
				8030BB38C9C746A9A36A4EB0 /* UIWebViewExtension.h */,
				6F53E5DCFC0C41E99200B3AF /* CDVLogger.m */,
				9B179B2F8001428B862CAF89 /* CDVLogger.h */,
				C6525AFCF6294FF0BFA4115E /* CDVDevice.m */,
				63A81C8C45B546F987FDF261 /* CDVDevice.h */,
				80666CF8C66F4D839EDC2A4E /* CDVSplashScreen.m */,
				A95FDA54EE7E460A838BD065 /* CDVSplashScreen.h */,
				0C6E6BC57A044D6FB403290B /* CDVLocation.m */,
				3860AC105A9345319A0E6B7B /* CDVLocation.h */,
				FE1BDBC5B6A1410A9C5D7B72 /* CDVGlobalization.m */,
				89D3DEADC69944C28C9F3C89 /* CDVGlobalization.h */,
				3B6D887C4829441A95A3D291 /* CDVConnection.m */,
				E8DE80CAD6784A5CBE2E56D0 /* CDVReachability.m */,
				93D01E9ACF7B44978D361FD7 /* CDVConnection.h */,
				38B667CF50FC43DAB41776FA /* CDVReachability.h */,
				9BF9161AEF1141D3BA3E1D7C /* CDVStatusBar.m */,
				E57762AFDD19408FA910BA88 /* CDVStatusBar.h */,
				256CF8D9324F4E11A6E2AAEE /* CDVVibration.m */,
				3D1B3AA170C545C3B436BD97 /* CDVVibration.h */,
				55EA78129E15485EBE4A5451 /* PushPlugin.m */,
				27ABF87138D74402907A1908 /* PushPlugin.h */,
				49AD9961F1384983B70D1024 /* SQLitePlugin.m */,
				AA0C5D64FBE3435EA9BE57C2 /* sqlite3.c */,
				BA5D6AFD942744A68A8238C0 /* SQLitePlugin.h */,
				7DE98545928E4D24A0AF11BF /* sqlite3.h */,
				63A9CF8082AF4C38A296C253 /* DatePicker.m */,
				8F2492058EA045CB8E40C8D1 /* DatePicker.h */,
				D3B0EFB4A09B44A983428C95 /* AppDelegate+notification.m */,
				732AFD335FCE40C08A594DC6 /* AppDelegate+notification.h */,
				DC39C83C8B7B41ECA9B01E5D /* AppVersion.m */,
				B20526ABD6B44DB4B3A5AE7C /* AppVersion.h */,
				88B77228EBC34765955B3868 /* DatePicker.m */,
				52458E881C67452EAA554FF8 /* DatePicker.h */,
				939481291AB44F9D9AD92F36 /* CDVInAppBrowser.m */,
				054431BC68A34EDD96E3C520 /* CDVInAppBrowser.h */,
				650CDBE070484791BFE842BA /* SQLitePlugin.m */,
				1209C363ECBC415FA8E29148 /* sqlite3.c */,
				336FB0F1A8794F0488127692 /* SQLitePlugin.h */,
				0135BAC165D84741ADD0D274 /* sqlite3.h */,
				94D152B46F9C45E2A6AA213C /* Toast+UIView.m */,
				C16ADA30523341C1A79DE220 /* Toast.m */,
				AA041D16AA4C49168DBDC003 /* Toast+UIView.h */,
				372F237F6B5B4220880FF132 /* Toast.h */,
				5A8FFE124A56437094DF5A67 /* CDVNotification.m */,
				A7550A78B160466494AF5054 /* CDVNotification.h */,
				599DAA7A2A1D4DB8A87D3926 /* CDVBackgroundGeoLocation.m */,
				1332E24DB8C046148CF4599C /* CDVBackgroundGeoLocation.h */,
				7867559EEBAE4A1596A6D32F /* InAppPurchase.m */,
				B4AF9D08A51D4658A349BEF8 /* SKProduct+LocalizedPrice.m */,
				CEE8010F180D4ACD9FA61E2C /* InAppPurchase.h */,
				6829F0F4256940DFAA87A252 /* SKProduct+LocalizedPrice.h */,
				354AEAF2AF65424D9756D0CA /* CDVProximity.m */,
				88986FE56A924A84B94664E0 /* CDVProximity.h */,
				2FC6BE0456444C7F921C52CB /* PhoneRTCPlugin.swift */,
				DE63C2B10749403CBFD64A1F /* PCObserver.swift */,
				66B35A836FC14B42A1EC558C /* Session.swift */,
				FF9D01779E3944C9AA538A61 /* Config.swift */,
				57F342A14AED44DDBF47BE86 /* SessionDescriptionDelegate.swift */,
				C1AB968473F14187B75DBB83 /* RTCAudioSource.h */,
				DEE8C1049D4F4FB0BA971C2D /* RTCAudioTrack.h */,
				E0F173485B2A4D6BA3233380 /* RTCDataChannel.h */,
				46092F22D02C4034A41BCB58 /* RTCEAGLVideoView.h */,
				C1A3371554E84BC9A29A0908 /* RTCI420Frame.h */,
				5A1DA957A2454ABDA405CA56 /* RTCICECandidate.h */,
				4F9A62A3F705482BBFE0ED60 /* RTCICEServer.h */,
				0F7C33B4659E4557BDF362AD /* RTCMediaConstraints.h */,
				D9705078C3404F54BC4E5C4C /* RTCMediaSource.h */,
				64D879270FAE4EB99F003474 /* RTCMediaStream.h */,
				8289922C035D400DA6D7EBC1 /* RTCMediaStreamTrack.h */,
				D664A97C690446FB94DF12D1 /* RTCNSGLVideoView.h */,
				44C17E95FE4E415288A27C3D /* RTCOpenGLVideoRenderer.h */,
				D9725B5BBF524162B1A9D469 /* RTCPair.h */,
				247A0B2ECA8A46E3927B0EF1 /* RTCPeerConnection.h */,
				7538884361664E1AA9225252 /* RTCPeerConnectionDelegate.h */,
				A35C158BB0DD4A8086DBA182 /* RTCPeerConnectionFactory.h */,
				5DF0DEA25487488CB1C83B47 /* RTCSessionDescription.h */,
				FFD02F60084E4055A0EE85FE /* RTCSessionDescriptionDelegate.h */,
				353BDFB7CF5549CFAF88FEDB /* RTCStatsDelegate.h */,
				2EAE7AFE8F8D413B962DBBA0 /* RTCStatsReport.h */,
				B7295CA536DF457392B3C6C6 /* RTCTypes.h */,
				D9517425C808495B949C37DA /* RTCVideoCapturer.h */,
				989756F0C80A4C42943E0AA8 /* RTCVideoRenderer.h */,
				B6C9E2F767E04B7E8A78657D /* RTCVideoSource.h */,
				98D77896FA994BC892671CD1 /* RTCVideoTrack.h */,
				A8731526069A441680F2A278 /* Bridging-Header.h */,
				41FF0EBEB6AE4CD0837FBA3E /* AudioTogglePlugin.m */,
				845BA7CA5C3446DCB3256BBA /* AudioTogglePlugin.h */,
			);
			name = Plugins;
			path = VirtualGuardian/Plugins;
			sourceTree = SOURCE_ROOT;
		};
		308D052D1370CCF300D202BF /* icons */ = {
			isa = PBXGroup;
			children = (
				30C1856519D5FC0A00212699 /* icon-60@3x.png */,
				7E7966D41810823500FA85AD /* icon-40.png */,
				7E7966D51810823500FA85AD /* icon-40@2x.png */,
				7E7966D61810823500FA85AD /* icon-50.png */,
				7E7966D71810823500FA85AD /* icon-50@2x.png */,
				7E7966D81810823500FA85AD /* icon-60.png */,
				7E7966D91810823500FA85AD /* icon-60@2x.png */,
				7E7966DA1810823500FA85AD /* icon-76.png */,
				7E7966DB1810823500FA85AD /* icon-76@2x.png */,
				7E7966DC1810823500FA85AD /* icon-small.png */,
				7E7966DD1810823500FA85AD /* icon-small@2x.png */,
				30FC414816E50CA1004E6F35 /* icon-72@2x.png */,
				308D052E1370CCF300D202BF /* icon-72.png */,
				308D052F1370CCF300D202BF /* icon.png */,
				308D05301370CCF300D202BF /* icon@2x.png */,
			);
			name = icons;
			path = icon;
			sourceTree = "<group>";
		};
		308D05311370CCF300D202BF /* splash */ = {
			isa = PBXGroup;
			children = (
				30B4F2FD19D5E07200D9F7D8 /* Default-667h.png */,
				30B4F2FE19D5E07200D9F7D8 /* Default-736h.png */,
				30B4F2FF19D5E07200D9F7D8 /* Default-Landscape-736h.png */,
				D4A0D8751607E02300AEF8BB /* Default-568h@2x~iphone.png */,
				3088BBB7154F3926009F9C59 /* Default-Landscape@2x~ipad.png */,
				3088BBB8154F3926009F9C59 /* Default-Landscape~ipad.png */,
				3088BBB9154F3926009F9C59 /* Default-Portrait@2x~ipad.png */,
				3088BBBA154F3926009F9C59 /* Default-Portrait~ipad.png */,
				3088BBBB154F3926009F9C59 /* Default@2x~iphone.png */,
				3088BBBC154F3926009F9C59 /* Default~iphone.png */,
			);
			path = splash;
			sourceTree = "<group>";
		};
		EB87FDF11871DA420020F90C /* Staging */ = {
			isa = PBXGroup;
			children = (
				F840E1F0165FE0F500CFE078 /* config.xml */,
				301BF56E109A69640062928A /* www */,
			);
			name = Staging;
			sourceTree = "<group>";
		};
/* End PBXGroup section */

/* Begin PBXNativeTarget section */
		1D6058900D05DD3D006BFB54 /* VirtualGuardian */ = {
			isa = PBXNativeTarget;
			buildConfigurationList = 1D6058960D05DD3E006BFB54 /* Build configuration list for PBXNativeTarget "VirtualGuardian" */;
			buildPhases = (
				304B58A110DAC018002A0835 /* Copy www directory */,
				1D60588D0D05DD3D006BFB54 /* Resources */,
				1D60588E0D05DD3D006BFB54 /* Sources */,
				1D60588F0D05DD3D006BFB54 /* Frameworks */,
			);
			buildRules = (
			);
			dependencies = (
				301BF551109A68C00062928A /* PBXTargetDependency */,
			);
			name = VirtualGuardian;
			productName = VirtualGuardian;
			productReference = 1D6058910D05DD3D006BFB54 /* VirtualGuardian.app */;
			productType = "com.apple.product-type.application";
		};
/* End PBXNativeTarget section */

/* Begin PBXProject section */
		29B97313FDCFA39411CA2CEA /* Project object */ = {
			isa = PBXProject;
			attributes = {
				LastSwiftMigration = 700;
				LastSwiftUpdateCheck = 0700;
				LastUpgradeCheck = 510;
				TargetAttributes = {
					1D6058900D05DD3D006BFB54 = {
						DevelopmentTeam = 6A25N869V5;
						SystemCapabilities = {
							com.apple.BackgroundModes = {
								enabled = 1;
							};
							com.apple.InAppPurchase = {
								enabled = 1;
							};
						};
					};
				};
			};
			buildConfigurationList = C01FCF4E08A954540054247B /* Build configuration list for PBXProject "VirtualGuardian" */;
			compatibilityVersion = "Xcode 3.2";
			developmentRegion = English;
			hasScannedForEncodings = 1;
			knownRegions = (
				English,
				Japanese,
				French,
				German,
				en,
				es,
				de,
				se,
			);
			mainGroup = 29B97314FDCFA39411CA2CEA /* CustomTemplate */;
			projectDirPath = "";
			projectReferences = (
				{
					ProductGroup = 301BF52E109A57CC0062928A /* Products */;
					ProjectRef = 301BF52D109A57CC0062928A /* CordovaLib.xcodeproj */;
				},
			);
			projectRoot = "";
			targets = (
				1D6058900D05DD3D006BFB54 /* VirtualGuardian */,
			);
		};
/* End PBXProject section */

/* Begin PBXReferenceProxy section */
		301BF535109A57CC0062928A /* libCordova.a */ = {
			isa = PBXReferenceProxy;
			fileType = archive.ar;
			path = libCordova.a;
			remoteRef = 301BF534109A57CC0062928A /* PBXContainerItemProxy */;
			sourceTree = BUILT_PRODUCTS_DIR;
		};
/* End PBXReferenceProxy section */

/* Begin PBXResourcesBuildPhase section */
		1D60588D0D05DD3D006BFB54 /* Resources */ = {
			isa = PBXResourcesBuildPhase;
			buildActionMask = 2147483647;
			files = (
				1A06C8AF1BCB193800480733 /* marimba.wav in Resources */,
				7E7966E41810823500FA85AD /* icon-76.png in Resources */,
				7E7966DF1810823500FA85AD /* icon-40@2x.png in Resources */,
				308D05371370CCF300D202BF /* icon-72.png in Resources */,
				30B4F30119D5E07200D9F7D8 /* Default-736h.png in Resources */,
				308D05381370CCF300D202BF /* icon.png in Resources */,
				308D05391370CCF300D202BF /* icon@2x.png in Resources */,
				302D95F214D2391D003F00A1 /* MainViewController.xib in Resources */,
				7E7966E01810823500FA85AD /* icon-50.png in Resources */,
				7E7966E31810823500FA85AD /* icon-60@2x.png in Resources */,
				7E7966E61810823500FA85AD /* icon-small.png in Resources */,
				3088BBBD154F3926009F9C59 /* Default-Landscape@2x~ipad.png in Resources */,
				3088BBBE154F3926009F9C59 /* Default-Landscape~ipad.png in Resources */,
				3088BBBF154F3926009F9C59 /* Default-Portrait@2x~ipad.png in Resources */,
				1A06C8AC1BCB174000480733 /* marimbal.wav in Resources */,
				7E7966E71810823500FA85AD /* icon-small@2x.png in Resources */,
				1A06C8AD1BCB174000480733 /* none.wav in Resources */,
				3088BBC0154F3926009F9C59 /* Default-Portrait~ipad.png in Resources */,
				30B4F30019D5E07200D9F7D8 /* Default-667h.png in Resources */,
				7E7966DE1810823500FA85AD /* icon-40.png in Resources */,
				3088BBC1154F3926009F9C59 /* Default@2x~iphone.png in Resources */,
				7E7966E21810823500FA85AD /* icon-60.png in Resources */,
				3088BBC2154F3926009F9C59 /* Default~iphone.png in Resources */,
				D4A0D8761607E02300AEF8BB /* Default-568h@2x~iphone.png in Resources */,
				30B4F30219D5E07200D9F7D8 /* Default-Landscape-736h.png in Resources */,
				30C1856619D5FC0A00212699 /* icon-60@3x.png in Resources */,
				7E7966E11810823500FA85AD /* icon-50@2x.png in Resources */,
				7E7966E51810823500FA85AD /* icon-76@2x.png in Resources */,
				30FC414916E50CA1004E6F35 /* icon-72@2x.png in Resources */,
				2F8786F85F4B4B069A7CE5F0 /* DatePicker.xib in Resources */,
				22E908D11B50408FBBE3D236 /* DatePicker.xib in Resources */,
				762628D44313448886BD2DF7 /* CDVNotification.bundle in Resources */,
			);
			runOnlyForDeploymentPostprocessing = 0;
		};
/* End PBXResourcesBuildPhase section */

/* Begin PBXShellScriptBuildPhase section */
		304B58A110DAC018002A0835 /* Copy www directory */ = {
			isa = PBXShellScriptBuildPhase;
			buildActionMask = 2147483647;
			files = (
			);
			inputPaths = (
			);
			name = "Copy www directory";
			outputPaths = (
			);
			runOnlyForDeploymentPostprocessing = 0;
			shellPath = /bin/sh;
			shellScript = "cordova/lib/copy-www-build-step.sh";
			showEnvVarsInLog = 0;
		};
/* End PBXShellScriptBuildPhase section */

/* Begin PBXSourcesBuildPhase section */
		1D60588E0D05DD3D006BFB54 /* Sources */ = {
			isa = PBXSourcesBuildPhase;
			buildActionMask = 2147483647;
			files = (
				1DD6CC791BBC305A00FF27A8 /* RTCAudioSource.h in Sources */,
				1DD6CC7A1BBC305A00FF27A8 /* RTCAudioTrack.h in Sources */,
				1DD6CC7B1BBC305A00FF27A8 /* RTCDataChannel.h in Sources */,
				1DD6CC7C1BBC305A00FF27A8 /* RTCEAGLVideoView.h in Sources */,
				1DD6CC7D1BBC305A00FF27A8 /* RTCI420Frame.h in Sources */,
				1DD6CC7E1BBC305A00FF27A8 /* RTCICECandidate.h in Sources */,
				1DD6CC7F1BBC305A00FF27A8 /* RTCICEServer.h in Sources */,
				1DD6CC801BBC305A00FF27A8 /* RTCMediaConstraints.h in Sources */,
				1DD6CC811BBC305B00FF27A8 /* RTCMediaSource.h in Sources */,
				1DD6CC821BBC305B00FF27A8 /* RTCMediaStream.h in Sources */,
				1DD6CC831BBC305B00FF27A8 /* RTCMediaStreamTrack.h in Sources */,
				1DD6CC841BBC305B00FF27A8 /* RTCNSGLVideoView.h in Sources */,
				1DD6CC851BBC305B00FF27A8 /* RTCOpenGLVideoRenderer.h in Sources */,
				1DD6CC861BBC305B00FF27A8 /* RTCPair.h in Sources */,
				1DD6CC871BBC305B00FF27A8 /* RTCPeerConnection.h in Sources */,
				1DD6CC881BBC305B00FF27A8 /* RTCPeerConnectionDelegate.h in Sources */,
				1DD6CC891BBC305B00FF27A8 /* RTCPeerConnectionFactory.h in Sources */,
				1DD6CC8A1BBC305B00FF27A8 /* RTCSessionDescription.h in Sources */,
				1DD6CC8B1BBC305B00FF27A8 /* RTCSessionDescriptionDelegate.h in Sources */,
				1DD6CC8C1BBC305B00FF27A8 /* RTCStatsDelegate.h in Sources */,
				1DD6CC8D1BBC305B00FF27A8 /* RTCStatsReport.h in Sources */,
				1DD6CC8E1BBC305B00FF27A8 /* RTCTypes.h in Sources */,
				1DD6CC8F1BBC305B00FF27A8 /* RTCVideoCapturer.h in Sources */,
				1DD6CC901BBC305B00FF27A8 /* RTCVideoRenderer.h in Sources */,
				1DD6CC911BBC305B00FF27A8 /* RTCVideoSource.h in Sources */,
				1DD6CC921BBC305B00FF27A8 /* RTCVideoTrack.h in Sources */,
				1DD6CC931BBC305B00FF27A8 /* Bridging-Header.h in Sources */,
				7866D4091B1DF38400F222CC /* PushPlugin.m in Sources */,
				7866D4051B1CDBA800F222CC /* UIWebViewExtension.m in Sources */,
				7866D4021B1CD57300F222CC /* IonicKeyboard.m in Sources */,
				1D60589B0D05DD56006BFB54 /* main.m in Sources */,
				1D3623260D0F684500981E51 /* AppDelegate.m in Sources */,
				302D95F114D2391D003F00A1 /* MainViewController.m in Sources */,
				609E25EB9B3E4C9397D4E933 /* CDVLogger.m in Sources */,
				B353B8091D654C0C9B8FC9C2 /* CDVDevice.m in Sources */,
				8EB78FCE5629460B84952235 /* CDVSplashScreen.m in Sources */,
				6E5F8F05510342B49BAA7A79 /* CDVLocation.m in Sources */,
				D0095E6E6CBE45CDAAAC2A70 /* CDVGlobalization.m in Sources */,
				6A7A5317109F4C8CBE8541F4 /* CDVConnection.m in Sources */,
				A2A5556C906A43BF87D78BAD /* CDVReachability.m in Sources */,
				D30A55DD4EB443C08523D0B3 /* CDVStatusBar.m in Sources */,
				5449E849354B48FD864FCE02 /* CDVVibration.m in Sources */,
				EA96CBB82B9E462F9739AB7F /* AppDelegate+notification.m in Sources */,
				474B2123F9C44BEDAAAA0D2A /* AppVersion.m in Sources */,
				0286E5362D33435D9958118C /* DatePicker.m in Sources */,
				C90393EE452648DAA2FA17E7 /* CDVInAppBrowser.m in Sources */,
				BAB3C9A3FEDD412F8011CC5B /* SQLitePlugin.m in Sources */,
				78FA96051B8414840071BE9A /* FileUtility.m in Sources */,
				607634F450394830B94E9229 /* sqlite3.c in Sources */,
				11D061A6CDEB426498D77FFD /* Toast+UIView.m in Sources */,
				096A485CE2024F22BF4EB90D /* Toast.m in Sources */,
				196D8299B6DC411D86E58757 /* CDVNotification.m in Sources */,
				A451DAD57CCB40A39969B964 /* CDVBackgroundGeoLocation.m in Sources */,
				8A72F13F3E1149C0AC6EEA46 /* InAppPurchase.m in Sources */,
				725E064E692445AAA530E4A0 /* SKProduct+LocalizedPrice.m in Sources */,
				E2C1CF42EE19424599E47997 /* CDVProximity.m in Sources */,
				9256DE5FD5544BD291BD0BE9 /* PhoneRTCPlugin.swift in Sources */,
				054FE3C0FCB144AB886F8472 /* PCObserver.swift in Sources */,
				56EDFA841148474692C100DB /* Session.swift in Sources */,
				AE8C24512D5B4B309B60037C /* Config.swift in Sources */,
				4E054E7E08EF4F3A923EC4D0 /* SessionDescriptionDelegate.swift in Sources */,
				72BA56CE36E7475E95CEBCED /* AudioTogglePlugin.m in Sources */,
			);
			runOnlyForDeploymentPostprocessing = 0;
		};
/* End PBXSourcesBuildPhase section */

/* Begin PBXTargetDependency section */
		301BF551109A68C00062928A /* PBXTargetDependency */ = {
			isa = PBXTargetDependency;
			name = CordovaLib;
			targetProxy = 301BF550109A68C00062928A /* PBXContainerItemProxy */;
		};
/* End PBXTargetDependency section */

/* Begin XCBuildConfiguration section */
		1D6058940D05DD3E006BFB54 /* Debug */ = {
			isa = XCBuildConfiguration;
			buildSettings = {
				ALWAYS_SEARCH_USER_PATHS = NO;
				CLANG_ENABLE_OBJC_ARC = YES;
				CODE_SIGN_IDENTITY = "iPhone Developer";
				"CODE_SIGN_IDENTITY[sdk=iphoneos*]" = "iPhone Developer";
				COPY_PHASE_STRIP = NO;
				EMBEDDED_CONTENT_CONTAINS_SWIFT = NO;
				ENABLE_BITCODE = NO;
				GCC_DYNAMIC_NO_PIC = NO;
				GCC_OPTIMIZATION_LEVEL = 0;
				GCC_PRECOMPILE_PREFIX_HEADER = YES;
				GCC_PREFIX_HEADER = "VirtualGuardian/VirtualGuardian-Prefix.pch";
				GCC_THUMB_SUPPORT = NO;
				GCC_VERSION = "";
				INFOPLIST_FILE = "VirtualGuardian/VirtualGuardian-Info.plist";
				IPHONEOS_DEPLOYMENT_TARGET = 8.0;
				LD_RUNPATH_SEARCH_PATHS = "$(inherited) @executable_path/Frameworks    isInitiator: true,\n    turn: {\n        host: 'turn:turn.example.com:3478',\n        username: 'test',\n        password: '123'\n    },\n    streams: {\n        audio: true,\n        video: false\n    }\n}\n\n$(inherited) @executable_path/Frameworks";
				LIBRARY_SEARCH_PATHS = (
					"$(inherited)",
					"\"$(SRCROOT)/VirtualGuardian/Plugins/com.dooble.phonertc\"",
				);
				ONLY_ACTIVE_ARCH = NO;
				OTHER_LDFLAGS = (
					"-weak_framework",
					CoreFoundation,
					"-weak_framework",
					UIKit,
					"-weak_framework",
					AVFoundation,
					"-weak_framework",
					CoreMedia,
					"-weak-lSystem",
					"-ObjC",
					"$(inherited)",
				);
				PRODUCT_NAME = VirtualGuardian;
				PROVISIONING_PROFILE = "";
				SWIFT_OBJC_BRIDGING_HEADER = "VirtualGuardian/Plugins/com.dooble.phonertc/Bridging-Header.h";
				TARGETED_DEVICE_FAMILY = "1,2";
				VALID_ARCHS = armv7;
				"VALID_ARCHS[sdk=*]" = armv7;
			};
			name = Debug;
		};
		1D6058950D05DD3E006BFB54 /* Release */ = {
			isa = XCBuildConfiguration;
			buildSettings = {
				ALWAYS_SEARCH_USER_PATHS = NO;
				CLANG_ENABLE_OBJC_ARC = YES;
				CODE_SIGN_IDENTITY = "iPhone Developer";
				"CODE_SIGN_IDENTITY[sdk=iphoneos*]" = "iPhone Developer";
				COPY_PHASE_STRIP = YES;
				EMBEDDED_CONTENT_CONTAINS_SWIFT = NO;
				ENABLE_BITCODE = NO;
				GCC_PRECOMPILE_PREFIX_HEADER = YES;
				GCC_PREFIX_HEADER = "VirtualGuardian/VirtualGuardian-Prefix.pch";
				GCC_THUMB_SUPPORT = NO;
				GCC_VERSION = "";
				INFOPLIST_FILE = "VirtualGuardian/VirtualGuardian-Info.plist";
				IPHONEOS_DEPLOYMENT_TARGET = 8.0;
				LD_RUNPATH_SEARCH_PATHS = "$(inherited) @executable_path/Frameworks    isInitiator: true,\n    turn: {\n        host: 'turn:turn.example.com:3478',\n        username: 'test',\n        password: '123'\n    },\n    streams: {\n        audio: true,\n        video: false\n    }\n}\n\n$(inherited) @executable_path/Frameworks";
				LIBRARY_SEARCH_PATHS = (
					"$(inherited)",
					"\"$(SRCROOT)/VirtualGuardian/Plugins/com.dooble.phonertc\"",
				);
				ONLY_ACTIVE_ARCH = NO;
				OTHER_LDFLAGS = (
					"-weak_framework",
					CoreFoundation,
					"-weak_framework",
					UIKit,
					"-weak_framework",
					AVFoundation,
					"-weak_framework",
					CoreMedia,
					"-weak-lSystem",
					"-ObjC",
					"$(inherited)",
				);
				PRODUCT_NAME = VirtualGuardian;
				PROVISIONING_PROFILE = "";
				SWIFT_OBJC_BRIDGING_HEADER = "VirtualGuardian/Plugins/com.dooble.phonertc/Bridging-Header.h";
				TARGETED_DEVICE_FAMILY = "1,2";
				VALID_ARCHS = armv7;
				"VALID_ARCHS[sdk=*]" = armv7;
			};
			name = Release;
		};
		C01FCF4F08A954540054247B /* Debug */ = {
			isa = XCBuildConfiguration;
			buildSettings = {
				CLANG_ENABLE_OBJC_ARC = YES;
				CLANG_WARN_BOOL_CONVERSION = YES;
				CLANG_WARN_CONSTANT_CONVERSION = YES;
				CLANG_WARN_EMPTY_BODY = YES;
				CLANG_WARN_ENUM_CONVERSION = YES;
				CLANG_WARN_INT_CONVERSION = YES;
				CLANG_WARN__DUPLICATE_METHOD_MATCH = YES;
				"CODE_SIGN_IDENTITY[sdk=iphoneos*]" = "iPhone Developer";
				GCC_C_LANGUAGE_STANDARD = c99;
				GCC_THUMB_SUPPORT = NO;
				GCC_VERSION = "";
				GCC_WARN_ABOUT_RETURN_TYPE = YES;
				GCC_WARN_UNDECLARED_SELECTOR = YES;
				GCC_WARN_UNINITIALIZED_AUTOS = YES;
				GCC_WARN_UNUSED_FUNCTION = YES;
				GCC_WARN_UNUSED_VARIABLE = YES;
				HEADER_SEARCH_PATHS = (
					"\"$(TARGET_BUILD_DIR)/usr/local/lib/include\"",
					"\"$(OBJROOT)/UninstalledProducts/include\"",
					"\"$(BUILT_PRODUCTS_DIR)\"",
				);
				IPHONEOS_DEPLOYMENT_TARGET = 8.0;
				ONLY_ACTIVE_ARCH = YES;
				OTHER_LDFLAGS = (
					"-weak_framework",
					CoreFoundation,
					"-weak_framework",
					UIKit,
					"-weak_framework",
					AVFoundation,
					"-weak_framework",
					CoreMedia,
					"-weak-lSystem",
					"-ObjC",
				);
				SDKROOT = iphoneos;
				SKIP_INSTALL = NO;
				USER_HEADER_SEARCH_PATHS = "";
			};
			name = Debug;
		};
		C01FCF5008A954540054247B /* Release */ = {
			isa = XCBuildConfiguration;
			buildSettings = {
				CLANG_ENABLE_OBJC_ARC = YES;
				CLANG_WARN_BOOL_CONVERSION = YES;
				CLANG_WARN_CONSTANT_CONVERSION = YES;
				CLANG_WARN_EMPTY_BODY = YES;
				CLANG_WARN_ENUM_CONVERSION = YES;
				CLANG_WARN_INT_CONVERSION = YES;
				CLANG_WARN__DUPLICATE_METHOD_MATCH = YES;
				"CODE_SIGN_IDENTITY[sdk=iphoneos*]" = "iPhone Developer";
				GCC_C_LANGUAGE_STANDARD = c99;
				GCC_THUMB_SUPPORT = NO;
				GCC_VERSION = "";
				GCC_WARN_ABOUT_RETURN_TYPE = YES;
				GCC_WARN_UNDECLARED_SELECTOR = YES;
				GCC_WARN_UNINITIALIZED_AUTOS = YES;
				GCC_WARN_UNUSED_FUNCTION = YES;
				GCC_WARN_UNUSED_VARIABLE = YES;
				HEADER_SEARCH_PATHS = (
					"\"$(TARGET_BUILD_DIR)/usr/local/lib/include\"",
					"\"$(OBJROOT)/UninstalledProducts/include\"",
					"\"$(BUILT_PRODUCTS_DIR)\"",
				);
				IPHONEOS_DEPLOYMENT_TARGET = 8.0;
				OTHER_LDFLAGS = (
					"-weak_framework",
					CoreFoundation,
					"-weak_framework",
					UIKit,
					"-weak_framework",
					AVFoundation,
					"-weak_framework",
					CoreMedia,
					"-weak-lSystem",
					"-ObjC",
				);
				SDKROOT = iphoneos;
				SKIP_INSTALL = NO;
				USER_HEADER_SEARCH_PATHS = "";
			};
			name = Release;
		};
/* End XCBuildConfiguration section */

/* Begin XCConfigurationList section */
		1D6058960D05DD3E006BFB54 /* Build configuration list for PBXNativeTarget "VirtualGuardian" */ = {
			isa = XCConfigurationList;
			buildConfigurations = (
				1D6058940D05DD3E006BFB54 /* Debug */,
				1D6058950D05DD3E006BFB54 /* Release */,
			);
			defaultConfigurationIsVisible = 0;
			defaultConfigurationName = Release;
		};
		C01FCF4E08A954540054247B /* Build configuration list for PBXProject "VirtualGuardian" */ = {
			isa = XCConfigurationList;
			buildConfigurations = (
				C01FCF4F08A954540054247B /* Debug */,
				C01FCF5008A954540054247B /* Release */,
			);
			defaultConfigurationIsVisible = 0;
			defaultConfigurationName = Release;
		};
/* End XCConfigurationList section */
	};
	rootObject = 29B97313FDCFA39411CA2CEA /* Project object */;
}
